// !$*UTF8*$!
{
	archiveVersion = 1;
	classes = {
	};
	objectVersion = 46;
	objects = {

/* Begin PBXBuildFile section */
		4E58B5460CECD8381E55FDD2 /* libPods.a in Frameworks */ = {isa = PBXBuildFile; fileRef = BF2D525C2E84375E00F329D4 /* libPods.a */; };
		A60ACADD18C87BB800E494F0 /* BNG.json in Resources */ = {isa = PBXBuildFile; fileRef = A60ACADC18C87BB800E494F0 /* BNG.json */; };
		A60DB1EF18EFCDF700BA452F /* ShareDeckView.xib in Resources */ = {isa = PBXBuildFile; fileRef = A60DB1EE18EFCDF700BA452F /* ShareDeckView.xib */; };
		A60DB1F818EFD18800BA452F /* ShareDeckView.m in Sources */ = {isa = PBXBuildFile; fileRef = A60DB1F718EFD18800BA452F /* ShareDeckView.m */; };
		A6222BB418C86F5D00AFA3EE /* SetPickerViewController.m in Sources */ = {isa = PBXBuildFile; fileRef = A6222BB318C86F5D00AFA3EE /* SetPickerViewController.m */; };
		A644172018D8785E00001411 /* SystemConfiguration.framework in Frameworks */ = {isa = PBXBuildFile; fileRef = A644171F18D8785E00001411 /* SystemConfiguration.framework */; };
		A644172618D8787900001411 /* CFNetwork.framework in Frameworks */ = {isa = PBXBuildFile; fileRef = A644172518D8787900001411 /* CFNetwork.framework */; };
		A644172A18D8788B00001411 /* QuartzCore.framework in Frameworks */ = {isa = PBXBuildFile; fileRef = A644172918D8788B00001411 /* QuartzCore.framework */; };
		A644173A18D87A5200001411 /* PrettyButton.m in Sources */ = {isa = PBXBuildFile; fileRef = A644173918D87A5200001411 /* PrettyButton.m */; };
		A644174018D87BD200001411 /* ServiceBase.m in Sources */ = {isa = PBXBuildFile; fileRef = A644173F18D87BD200001411 /* ServiceBase.m */; };
		A644174518D87C1300001411 /* RepositoryBase.m in Sources */ = {isa = PBXBuildFile; fileRef = A644174218D87C1300001411 /* RepositoryBase.m */; };
		A644174618D87C1300001411 /* UserRepository.m in Sources */ = {isa = PBXBuildFile; fileRef = A644174418D87C1300001411 /* UserRepository.m */; };
		A644174818D884A100001411 /* logo@2x.png in Resources */ = {isa = PBXBuildFile; fileRef = A644174718D884A100001411 /* logo@2x.png */; };
		A6461DEA18EA50F00052A2E4 /* CardDetailViewController.m in Sources */ = {isa = PBXBuildFile; fileRef = A6461DE918EA50F00052A2E4 /* CardDetailViewController.m */; };
		A6461DEC18EA51010052A2E4 /* CardDetail.xib in Resources */ = {isa = PBXBuildFile; fileRef = A6461DEB18EA51010052A2E4 /* CardDetail.xib */; };
		A6512AE418C81D3C006F4973 /* DeckViewModel.m in Sources */ = {isa = PBXBuildFile; fileRef = A6512AE318C81D3C006F4973 /* DeckViewModel.m */; };
		A665E0791863E25700FCA166 /* StackedImageView.m in Sources */ = {isa = PBXBuildFile; fileRef = A665E0781863E25700FCA166 /* StackedImageView.m */; };
		A665E07C1863E65C00FCA166 /* DeckViewController.m in Sources */ = {isa = PBXBuildFile; fileRef = A665E07B1863E65C00FCA166 /* DeckViewController.m */; };
		A665E07F1863E6A800FCA166 /* StackedCardCell.m in Sources */ = {isa = PBXBuildFile; fileRef = A665E07E1863E6A800FCA166 /* StackedCardCell.m */; };
		A66B60C71887C96A002B6867 /* ImageStack.m in Sources */ = {isa = PBXBuildFile; fileRef = A66B60C61887C96A002B6867 /* ImageStack.m */; };
		A699AC701867A27600324F8D /* UIView+Helpers.m in Sources */ = {isa = PBXBuildFile; fileRef = A699AC6F1867A27600324F8D /* UIView+Helpers.m */; };
		A699AC731867A6F800324F8D /* SlidingImageView.m in Sources */ = {isa = PBXBuildFile; fileRef = A699AC721867A6F800324F8D /* SlidingImageView.m */; };
		A6A1A3E118D8683D006FAB89 /* UserService.m in Sources */ = {isa = PBXBuildFile; fileRef = A6A1A3E018D8683D006FAB89 /* UserService.m */; };
		A6A1A3E418D868CB006FAB89 /* MTGUser.m in Sources */ = {isa = PBXBuildFile; fileRef = A6A1A3E318D868CB006FAB89 /* MTGUser.m */; };
		A6A1A3F118D8747A006FAB89 /* Consts.m in Sources */ = {isa = PBXBuildFile; fileRef = A6A1A3EE18D8747A006FAB89 /* Consts.m */; };
		A6A1A3F218D8747A006FAB89 /* Enums.m in Sources */ = {isa = PBXBuildFile; fileRef = A6A1A3F018D8747A006FAB89 /* Enums.m */; };
		A6A1A3F518D876F5006FAB89 /* WireframeViewController.m in Sources */ = {isa = PBXBuildFile; fileRef = A6A1A3F418D876F5006FAB89 /* WireframeViewController.m */; };
		A6BF6E0E18CC0B9B00A80474 /* LandPickerView.m in Sources */ = {isa = PBXBuildFile; fileRef = A6BF6E0D18CC0B9B00A80474 /* LandPickerView.m */; };
		A6BF6E1118CC0BD700A80474 /* LandPickerViewNib.xib in Resources */ = {isa = PBXBuildFile; fileRef = A6BF6E1018CC0BD700A80474 /* LandPickerViewNib.xib */; };
		A6BF6E1418CC1D7700A80474 /* DrawViewController.m in Sources */ = {isa = PBXBuildFile; fileRef = A6BF6E1318CC1D7700A80474 /* DrawViewController.m */; };
		A6BF6E1718CC209F00A80474 /* DrawViewModel.m in Sources */ = {isa = PBXBuildFile; fileRef = A6BF6E1618CC209F00A80474 /* DrawViewModel.m */; };
		A6C28BF918D95B8400D625CA /* DeckListViewController.m in Sources */ = {isa = PBXBuildFile; fileRef = A6C28BF818D95B8400D625CA /* DeckListViewController.m */; };
		A6C28BFC18D95BDF00D625CA /* ListedDeckCell.m in Sources */ = {isa = PBXBuildFile; fileRef = A6C28BFB18D95BDF00D625CA /* ListedDeckCell.m */; };
		A6C28BFF18D95D6400D625CA /* CompleteDeck.m in Sources */ = {isa = PBXBuildFile; fileRef = A6C28BFE18D95D6400D625CA /* CompleteDeck.m */; };
		A6C28C0218D95E3600D625CA /* DeckService.m in Sources */ = {isa = PBXBuildFile; fileRef = A6C28C0118D95E3600D625CA /* DeckService.m */; };
		A6C28C0518D95E7F00D625CA /* DeckRepository.m in Sources */ = {isa = PBXBuildFile; fileRef = A6C28C0418D95E7F00D625CA /* DeckRepository.m */; };
		A6C6689518D88749001635EB /* MainStoryboard.storyboard in Resources */ = {isa = PBXBuildFile; fileRef = DAAF3A6F17E118BF00048CC6 /* MainStoryboard.storyboard */; };
		A6D3EC701863CDDF00246D24 /* DraftViewController.m in Sources */ = {isa = PBXBuildFile; fileRef = A6D3EC6F1863CDDF00246D24 /* DraftViewController.m */; };
		A6D3EC741863CEE000246D24 /* DraftCardCell.m in Sources */ = {isa = PBXBuildFile; fileRef = A6D3EC731863CEE000246D24 /* DraftCardCell.m */; };
		A6E0049E1A2440F200CCBF57 /* cardback.jpg in Resources */ = {isa = PBXBuildFile; fileRef = A6E0049D1A2440F200CCBF57 /* cardback.jpg */; };
		DA39904018643E6C00BCDA33 /* THS.json in Resources */ = {isa = PBXBuildFile; fileRef = DA39903F18643E6C00BCDA33 /* THS.json */; };
		DA6C8E3C17E1301F001F8A6D /* Card.m in Sources */ = {isa = PBXBuildFile; fileRef = DA6C8E3B17E1301F001F8A6D /* Card.m */; };
		DA6C8EAF17E14371001F8A6D /* ImageIO.framework in Frameworks */ = {isa = PBXBuildFile; fileRef = DA6C8EAE17E14371001F8A6D /* ImageIO.framework */; };
		DA6C8EB117E15335001F8A6D /* M13.json in Resources */ = {isa = PBXBuildFile; fileRef = DA6C8EB017E15335001F8A6D /* M13.json */; };
		DA6C8EB317E15544001F8A6D /* RTR.json in Resources */ = {isa = PBXBuildFile; fileRef = DA6C8EB217E15544001F8A6D /* RTR.json */; };
		DA6C8EB517E15552001F8A6D /* GTC.json in Resources */ = {isa = PBXBuildFile; fileRef = DA6C8EB417E15552001F8A6D /* GTC.json */; };
		DA6C8EB717E15563001F8A6D /* DGM.json in Resources */ = {isa = PBXBuildFile; fileRef = DA6C8EB617E15563001F8A6D /* DGM.json */; };
		DA6C8EBC17E1833A001F8A6D /* CardRepository.m in Sources */ = {isa = PBXBuildFile; fileRef = DA6C8EBB17E1833A001F8A6D /* CardRepository.m */; };
		DA7609201814638100A4E3DD /* Player.m in Sources */ = {isa = PBXBuildFile; fileRef = DA76091F1814638100A4E3DD /* Player.m */; };
		DA7609231814679900A4E3DD /* Deck.m in Sources */ = {isa = PBXBuildFile; fileRef = DA7609221814679900A4E3DD /* Deck.m */; };
		DA760926181469B300A4E3DD /* BoosterPack.m in Sources */ = {isa = PBXBuildFile; fileRef = DA760925181469B300A4E3DD /* BoosterPack.m */; };
		DA76092918146E7400A4E3DD /* MTGSet.m in Sources */ = {isa = PBXBuildFile; fileRef = DA76092818146E7400A4E3DD /* MTGSet.m */; };
		DA76092D1814890600A4E3DD /* MTGSetService.m in Sources */ = {isa = PBXBuildFile; fileRef = DA76092C1814890600A4E3DD /* MTGSetService.m */; };
		DAAF3A5E17E118BF00048CC6 /* Foundation.framework in Frameworks */ = {isa = PBXBuildFile; fileRef = DAAF3A5D17E118BF00048CC6 /* Foundation.framework */; };
		DAAF3A6017E118BF00048CC6 /* CoreGraphics.framework in Frameworks */ = {isa = PBXBuildFile; fileRef = DAAF3A5F17E118BF00048CC6 /* CoreGraphics.framework */; };
		DAAF3A6217E118BF00048CC6 /* UIKit.framework in Frameworks */ = {isa = PBXBuildFile; fileRef = DAAF3A6117E118BF00048CC6 /* UIKit.framework */; };
		DAAF3A6817E118BF00048CC6 /* InfoPlist.strings in Resources */ = {isa = PBXBuildFile; fileRef = DAAF3A6617E118BF00048CC6 /* InfoPlist.strings */; };
		DAAF3A6A17E118BF00048CC6 /* main.m in Sources */ = {isa = PBXBuildFile; fileRef = DAAF3A6917E118BF00048CC6 /* main.m */; };
		DAAF3A6E17E118BF00048CC6 /* AppDelegate.m in Sources */ = {isa = PBXBuildFile; fileRef = DAAF3A6D17E118BF00048CC6 /* AppDelegate.m */; };
		DAAF3A7617E118BF00048CC6 /* Images.xcassets in Resources */ = {isa = PBXBuildFile; fileRef = DAAF3A7517E118BF00048CC6 /* Images.xcassets */; };
		DAAF3A7E17E118BF00048CC6 /* Foundation.framework in Frameworks */ = {isa = PBXBuildFile; fileRef = DAAF3A5D17E118BF00048CC6 /* Foundation.framework */; };
		DAAF3A7F17E118BF00048CC6 /* UIKit.framework in Frameworks */ = {isa = PBXBuildFile; fileRef = DAAF3A6117E118BF00048CC6 /* UIKit.framework */; };
		DAAF3A9517E11F4F00048CC6 /* M14.json in Resources */ = {isa = PBXBuildFile; fileRef = DAAF3A9417E11F4F00048CC6 /* M14.json */; };
/* End PBXBuildFile section */

/* Begin PBXContainerItemProxy section */
		DAAF3A8017E118BF00048CC6 /* PBXContainerItemProxy */ = {
			isa = PBXContainerItemProxy;
			containerPortal = DAAF3A5217E118BF00048CC6 /* Project object */;
			proxyType = 1;
			remoteGlobalIDString = DAAF3A5917E118BF00048CC6;
			remoteInfo = DraftWithFriends;
		};
/* End PBXContainerItemProxy section */

/* Begin PBXFileReference section */
		05FF5D521FC9EFAE00F6C743 /* Pods.debug.xcconfig */ = {isa = PBXFileReference; includeInIndex = 1; lastKnownFileType = text.xcconfig; name = Pods.debug.xcconfig; path = "Pods/Target Support Files/Pods/Pods.debug.xcconfig"; sourceTree = "<group>"; };
		4E2821D2C6670445C225B6D7 /* Pods.release.xcconfig */ = {isa = PBXFileReference; includeInIndex = 1; lastKnownFileType = text.xcconfig; name = Pods.release.xcconfig; path = "Pods/Target Support Files/Pods/Pods.release.xcconfig"; sourceTree = "<group>"; };
		A60ACADC18C87BB800E494F0 /* BNG.json */ = {isa = PBXFileReference; fileEncoding = 4; lastKnownFileType = text.json; path = BNG.json; sourceTree = "<group>"; };
		A60DB1EE18EFCDF700BA452F /* ShareDeckView.xib */ = {isa = PBXFileReference; fileEncoding = 4; lastKnownFileType = file.xib; name = ShareDeckView.xib; path = "Custom Views/ShareDeckView.xib"; sourceTree = "<group>"; };
		A60DB1F618EFD18800BA452F /* ShareDeckView.h */ = {isa = PBXFileReference; fileEncoding = 4; lastKnownFileType = sourcecode.c.h; name = ShareDeckView.h; path = "Custom Views/ShareDeckView.h"; sourceTree = "<group>"; };
		A60DB1F718EFD18800BA452F /* ShareDeckView.m */ = {isa = PBXFileReference; fileEncoding = 4; lastKnownFileType = sourcecode.c.objc; name = ShareDeckView.m; path = "Custom Views/ShareDeckView.m"; sourceTree = "<group>"; };
		A6222BB218C86F5D00AFA3EE /* SetPickerViewController.h */ = {isa = PBXFileReference; fileEncoding = 4; lastKnownFileType = sourcecode.c.h; name = SetPickerViewController.h; path = "View Controllers/SetPickerViewController.h"; sourceTree = "<group>"; };
		A6222BB318C86F5D00AFA3EE /* SetPickerViewController.m */ = {isa = PBXFileReference; fileEncoding = 4; lastKnownFileType = sourcecode.c.objc; name = SetPickerViewController.m; path = "View Controllers/SetPickerViewController.m"; sourceTree = "<group>"; };
		A644171F18D8785E00001411 /* SystemConfiguration.framework */ = {isa = PBXFileReference; lastKnownFileType = wrapper.framework; name = SystemConfiguration.framework; path = System/Library/Frameworks/SystemConfiguration.framework; sourceTree = SDKROOT; };
		A644172518D8787900001411 /* CFNetwork.framework */ = {isa = PBXFileReference; lastKnownFileType = wrapper.framework; name = CFNetwork.framework; path = System/Library/Frameworks/CFNetwork.framework; sourceTree = SDKROOT; };
		A644172918D8788B00001411 /* QuartzCore.framework */ = {isa = PBXFileReference; lastKnownFileType = wrapper.framework; name = QuartzCore.framework; path = System/Library/Frameworks/QuartzCore.framework; sourceTree = SDKROOT; };
		A644173818D87A5200001411 /* PrettyButton.h */ = {isa = PBXFileReference; fileEncoding = 4; lastKnownFileType = sourcecode.c.h; name = PrettyButton.h; path = "Custom Views/PrettyButton.h"; sourceTree = "<group>"; };
		A644173918D87A5200001411 /* PrettyButton.m */ = {isa = PBXFileReference; fileEncoding = 4; lastKnownFileType = sourcecode.c.objc; name = PrettyButton.m; path = "Custom Views/PrettyButton.m"; sourceTree = "<group>"; };
		A644173E18D87BD200001411 /* ServiceBase.h */ = {isa = PBXFileReference; fileEncoding = 4; lastKnownFileType = sourcecode.c.h; name = ServiceBase.h; path = Services/ServiceBase.h; sourceTree = "<group>"; };
		A644173F18D87BD200001411 /* ServiceBase.m */ = {isa = PBXFileReference; fileEncoding = 4; lastKnownFileType = sourcecode.c.objc; name = ServiceBase.m; path = Services/ServiceBase.m; sourceTree = "<group>"; };
		A644174118D87C1300001411 /* RepositoryBase.h */ = {isa = PBXFileReference; fileEncoding = 4; lastKnownFileType = sourcecode.c.h; name = RepositoryBase.h; path = Repositories/RepositoryBase.h; sourceTree = "<group>"; };
		A644174218D87C1300001411 /* RepositoryBase.m */ = {isa = PBXFileReference; fileEncoding = 4; lastKnownFileType = sourcecode.c.objc; name = RepositoryBase.m; path = Repositories/RepositoryBase.m; sourceTree = "<group>"; };
		A644174318D87C1300001411 /* UserRepository.h */ = {isa = PBXFileReference; fileEncoding = 4; lastKnownFileType = sourcecode.c.h; name = UserRepository.h; path = Repositories/UserRepository.h; sourceTree = "<group>"; };
		A644174418D87C1300001411 /* UserRepository.m */ = {isa = PBXFileReference; fileEncoding = 4; lastKnownFileType = sourcecode.c.objc; name = UserRepository.m; path = Repositories/UserRepository.m; sourceTree = "<group>"; };
		A644174718D884A100001411 /* logo@2x.png */ = {isa = PBXFileReference; lastKnownFileType = image.png; name = "logo@2x.png"; path = "Images/logo@2x.png"; sourceTree = "<group>"; };
		A6461DE818EA50F00052A2E4 /* CardDetailViewController.h */ = {isa = PBXFileReference; fileEncoding = 4; lastKnownFileType = sourcecode.c.h; path = CardDetailViewController.h; sourceTree = "<group>"; };
		A6461DE918EA50F00052A2E4 /* CardDetailViewController.m */ = {isa = PBXFileReference; fileEncoding = 4; lastKnownFileType = sourcecode.c.objc; path = CardDetailViewController.m; sourceTree = "<group>"; };
		A6461DEB18EA51010052A2E4 /* CardDetail.xib */ = {isa = PBXFileReference; fileEncoding = 4; lastKnownFileType = file.xib; path = CardDetail.xib; sourceTree = "<group>"; };
		A6512AE218C81D3C006F4973 /* DeckViewModel.h */ = {isa = PBXFileReference; fileEncoding = 4; lastKnownFileType = sourcecode.c.h; name = DeckViewModel.h; path = Models/DeckViewModel.h; sourceTree = "<group>"; };
		A6512AE318C81D3C006F4973 /* DeckViewModel.m */ = {isa = PBXFileReference; fileEncoding = 4; lastKnownFileType = sourcecode.c.objc; name = DeckViewModel.m; path = Models/DeckViewModel.m; sourceTree = "<group>"; };
		A665E0771863E25700FCA166 /* StackedImageView.h */ = {isa = PBXFileReference; fileEncoding = 4; lastKnownFileType = sourcecode.c.h; name = StackedImageView.h; path = "Custom Views/StackedImageView.h"; sourceTree = "<group>"; };
		A665E0781863E25700FCA166 /* StackedImageView.m */ = {isa = PBXFileReference; fileEncoding = 4; lastKnownFileType = sourcecode.c.objc; name = StackedImageView.m; path = "Custom Views/StackedImageView.m"; sourceTree = "<group>"; };
		A665E07A1863E65C00FCA166 /* DeckViewController.h */ = {isa = PBXFileReference; fileEncoding = 4; lastKnownFileType = sourcecode.c.h; name = DeckViewController.h; path = "View Controllers/DeckViewController.h"; sourceTree = "<group>"; };
		A665E07B1863E65C00FCA166 /* DeckViewController.m */ = {isa = PBXFileReference; fileEncoding = 4; lastKnownFileType = sourcecode.c.objc; name = DeckViewController.m; path = "View Controllers/DeckViewController.m"; sourceTree = "<group>"; };
		A665E07D1863E6A800FCA166 /* StackedCardCell.h */ = {isa = PBXFileReference; fileEncoding = 4; lastKnownFileType = sourcecode.c.h; name = StackedCardCell.h; path = "Custom Cells/StackedCardCell.h"; sourceTree = "<group>"; };
		A665E07E1863E6A800FCA166 /* StackedCardCell.m */ = {isa = PBXFileReference; fileEncoding = 4; lastKnownFileType = sourcecode.c.objc; name = StackedCardCell.m; path = "Custom Cells/StackedCardCell.m"; sourceTree = "<group>"; };
		A66B60C51887C96A002B6867 /* ImageStack.h */ = {isa = PBXFileReference; fileEncoding = 4; lastKnownFileType = sourcecode.c.h; name = ImageStack.h; path = Models/ImageStack.h; sourceTree = "<group>"; };
		A66B60C61887C96A002B6867 /* ImageStack.m */ = {isa = PBXFileReference; fileEncoding = 4; lastKnownFileType = sourcecode.c.objc; name = ImageStack.m; path = Models/ImageStack.m; sourceTree = "<group>"; };
		A699AC6E1867A27600324F8D /* UIView+Helpers.h */ = {isa = PBXFileReference; fileEncoding = 4; lastKnownFileType = sourcecode.c.h; name = "UIView+Helpers.h"; path = "Categories/UIView+Helpers.h"; sourceTree = "<group>"; };
		A699AC6F1867A27600324F8D /* UIView+Helpers.m */ = {isa = PBXFileReference; fileEncoding = 4; lastKnownFileType = sourcecode.c.objc; name = "UIView+Helpers.m"; path = "Categories/UIView+Helpers.m"; sourceTree = "<group>"; };
		A699AC711867A6F800324F8D /* SlidingImageView.h */ = {isa = PBXFileReference; fileEncoding = 4; lastKnownFileType = sourcecode.c.h; name = SlidingImageView.h; path = "Custom Views/SlidingImageView.h"; sourceTree = "<group>"; };
		A699AC721867A6F800324F8D /* SlidingImageView.m */ = {isa = PBXFileReference; fileEncoding = 4; lastKnownFileType = sourcecode.c.objc; name = SlidingImageView.m; path = "Custom Views/SlidingImageView.m"; sourceTree = "<group>"; };
		A6A1A3DF18D8683D006FAB89 /* UserService.h */ = {isa = PBXFileReference; fileEncoding = 4; lastKnownFileType = sourcecode.c.h; name = UserService.h; path = Services/UserService.h; sourceTree = "<group>"; };
		A6A1A3E018D8683D006FAB89 /* UserService.m */ = {isa = PBXFileReference; fileEncoding = 4; lastKnownFileType = sourcecode.c.objc; name = UserService.m; path = Services/UserService.m; sourceTree = "<group>"; };
		A6A1A3E218D868CB006FAB89 /* MTGUser.h */ = {isa = PBXFileReference; fileEncoding = 4; lastKnownFileType = sourcecode.c.h; name = MTGUser.h; path = Models/MTGUser.h; sourceTree = "<group>"; };
		A6A1A3E318D868CB006FAB89 /* MTGUser.m */ = {isa = PBXFileReference; fileEncoding = 4; lastKnownFileType = sourcecode.c.objc; name = MTGUser.m; path = Models/MTGUser.m; sourceTree = "<group>"; };
		A6A1A3ED18D8747A006FAB89 /* Consts.h */ = {isa = PBXFileReference; fileEncoding = 4; lastKnownFileType = sourcecode.c.h; path = Consts.h; sourceTree = "<group>"; };
		A6A1A3EE18D8747A006FAB89 /* Consts.m */ = {isa = PBXFileReference; fileEncoding = 4; lastKnownFileType = sourcecode.c.objc; path = Consts.m; sourceTree = "<group>"; };
		A6A1A3EF18D8747A006FAB89 /* Enums.h */ = {isa = PBXFileReference; fileEncoding = 4; lastKnownFileType = sourcecode.c.h; path = Enums.h; sourceTree = "<group>"; };
		A6A1A3F018D8747A006FAB89 /* Enums.m */ = {isa = PBXFileReference; fileEncoding = 4; lastKnownFileType = sourcecode.c.objc; path = Enums.m; sourceTree = "<group>"; };
		A6A1A3F318D876F5006FAB89 /* WireframeViewController.h */ = {isa = PBXFileReference; fileEncoding = 4; lastKnownFileType = sourcecode.c.h; name = WireframeViewController.h; path = "View Controllers/WireframeViewController.h"; sourceTree = "<group>"; };
		A6A1A3F418D876F5006FAB89 /* WireframeViewController.m */ = {isa = PBXFileReference; fileEncoding = 4; lastKnownFileType = sourcecode.c.objc; name = WireframeViewController.m; path = "View Controllers/WireframeViewController.m"; sourceTree = "<group>"; };
		A6BF6E0C18CC0B9B00A80474 /* LandPickerView.h */ = {isa = PBXFileReference; fileEncoding = 4; lastKnownFileType = sourcecode.c.h; name = LandPickerView.h; path = "Custom Views/LandPicker/LandPickerView.h"; sourceTree = "<group>"; };
		A6BF6E0D18CC0B9B00A80474 /* LandPickerView.m */ = {isa = PBXFileReference; fileEncoding = 4; lastKnownFileType = sourcecode.c.objc; name = LandPickerView.m; path = "Custom Views/LandPicker/LandPickerView.m"; sourceTree = "<group>"; };
		A6BF6E1018CC0BD700A80474 /* LandPickerViewNib.xib */ = {isa = PBXFileReference; fileEncoding = 4; lastKnownFileType = file.xib; name = LandPickerViewNib.xib; path = "Custom Views/LandPicker/LandPickerViewNib.xib"; sourceTree = "<group>"; };
		A6BF6E1218CC1D7700A80474 /* DrawViewController.h */ = {isa = PBXFileReference; fileEncoding = 4; lastKnownFileType = sourcecode.c.h; name = DrawViewController.h; path = "View Controllers/DrawViewController.h"; sourceTree = "<group>"; };
		A6BF6E1318CC1D7700A80474 /* DrawViewController.m */ = {isa = PBXFileReference; fileEncoding = 4; lastKnownFileType = sourcecode.c.objc; name = DrawViewController.m; path = "View Controllers/DrawViewController.m"; sourceTree = "<group>"; };
		A6BF6E1518CC209F00A80474 /* DrawViewModel.h */ = {isa = PBXFileReference; fileEncoding = 4; lastKnownFileType = sourcecode.c.h; name = DrawViewModel.h; path = Models/DrawViewModel.h; sourceTree = "<group>"; };
		A6BF6E1618CC209F00A80474 /* DrawViewModel.m */ = {isa = PBXFileReference; fileEncoding = 4; lastKnownFileType = sourcecode.c.objc; name = DrawViewModel.m; path = Models/DrawViewModel.m; sourceTree = "<group>"; };
		A6C28BF718D95B8400D625CA /* DeckListViewController.h */ = {isa = PBXFileReference; fileEncoding = 4; lastKnownFileType = sourcecode.c.h; name = DeckListViewController.h; path = "View Controllers/DeckListViewController.h"; sourceTree = "<group>"; };
		A6C28BF818D95B8400D625CA /* DeckListViewController.m */ = {isa = PBXFileReference; fileEncoding = 4; lastKnownFileType = sourcecode.c.objc; name = DeckListViewController.m; path = "View Controllers/DeckListViewController.m"; sourceTree = "<group>"; };
		A6C28BFA18D95BDF00D625CA /* ListedDeckCell.h */ = {isa = PBXFileReference; fileEncoding = 4; lastKnownFileType = sourcecode.c.h; name = ListedDeckCell.h; path = "Custom Cells/ListedDeckCell.h"; sourceTree = "<group>"; };
		A6C28BFB18D95BDF00D625CA /* ListedDeckCell.m */ = {isa = PBXFileReference; fileEncoding = 4; lastKnownFileType = sourcecode.c.objc; name = ListedDeckCell.m; path = "Custom Cells/ListedDeckCell.m"; sourceTree = "<group>"; };
		A6C28BFD18D95D6400D625CA /* CompleteDeck.h */ = {isa = PBXFileReference; fileEncoding = 4; lastKnownFileType = sourcecode.c.h; name = CompleteDeck.h; path = Models/CompleteDeck.h; sourceTree = "<group>"; };
		A6C28BFE18D95D6400D625CA /* CompleteDeck.m */ = {isa = PBXFileReference; fileEncoding = 4; lastKnownFileType = sourcecode.c.objc; name = CompleteDeck.m; path = Models/CompleteDeck.m; sourceTree = "<group>"; };
		A6C28C0018D95E3600D625CA /* DeckService.h */ = {isa = PBXFileReference; fileEncoding = 4; lastKnownFileType = sourcecode.c.h; name = DeckService.h; path = Services/DeckService.h; sourceTree = "<group>"; };
		A6C28C0118D95E3600D625CA /* DeckService.m */ = {isa = PBXFileReference; fileEncoding = 4; lastKnownFileType = sourcecode.c.objc; name = DeckService.m; path = Services/DeckService.m; sourceTree = "<group>"; };
		A6C28C0318D95E7F00D625CA /* DeckRepository.h */ = {isa = PBXFileReference; fileEncoding = 4; lastKnownFileType = sourcecode.c.h; name = DeckRepository.h; path = Repositories/DeckRepository.h; sourceTree = "<group>"; };
		A6C28C0418D95E7F00D625CA /* DeckRepository.m */ = {isa = PBXFileReference; fileEncoding = 4; lastKnownFileType = sourcecode.c.objc; name = DeckRepository.m; path = Repositories/DeckRepository.m; sourceTree = "<group>"; };
		A6D3EC6E1863CDDF00246D24 /* DraftViewController.h */ = {isa = PBXFileReference; fileEncoding = 4; lastKnownFileType = sourcecode.c.h; name = DraftViewController.h; path = "View Controllers/DraftViewController.h"; sourceTree = "<group>"; };
		A6D3EC6F1863CDDF00246D24 /* DraftViewController.m */ = {isa = PBXFileReference; fileEncoding = 4; lastKnownFileType = sourcecode.c.objc; name = DraftViewController.m; path = "View Controllers/DraftViewController.m"; sourceTree = "<group>"; };
		A6D3EC721863CEE000246D24 /* DraftCardCell.h */ = {isa = PBXFileReference; fileEncoding = 4; lastKnownFileType = sourcecode.c.h; name = DraftCardCell.h; path = "Custom Cells/DraftCardCell.h"; sourceTree = "<group>"; };
		A6D3EC731863CEE000246D24 /* DraftCardCell.m */ = {isa = PBXFileReference; fileEncoding = 4; lastKnownFileType = sourcecode.c.objc; name = DraftCardCell.m; path = "Custom Cells/DraftCardCell.m"; sourceTree = "<group>"; };
		A6E0049D1A2440F200CCBF57 /* cardback.jpg */ = {isa = PBXFileReference; lastKnownFileType = image.jpeg; path = cardback.jpg; sourceTree = "<group>"; };
		BF2D525C2E84375E00F329D4 /* libPods.a */ = {isa = PBXFileReference; explicitFileType = archive.ar; includeInIndex = 0; path = libPods.a; sourceTree = BUILT_PRODUCTS_DIR; };
		DA39903F18643E6C00BCDA33 /* THS.json */ = {isa = PBXFileReference; fileEncoding = 4; lastKnownFileType = text.json; path = THS.json; sourceTree = "<group>"; };
		DA6C8E3A17E1301F001F8A6D /* Card.h */ = {isa = PBXFileReference; fileEncoding = 4; lastKnownFileType = sourcecode.c.h; path = Card.h; sourceTree = "<group>"; };
		DA6C8E3B17E1301F001F8A6D /* Card.m */ = {isa = PBXFileReference; fileEncoding = 4; lastKnownFileType = sourcecode.c.objc; path = Card.m; sourceTree = "<group>"; };
		DA6C8EAE17E14371001F8A6D /* ImageIO.framework */ = {isa = PBXFileReference; lastKnownFileType = wrapper.framework; name = ImageIO.framework; path = System/Library/Frameworks/ImageIO.framework; sourceTree = SDKROOT; };
		DA6C8EB017E15335001F8A6D /* M13.json */ = {isa = PBXFileReference; fileEncoding = 4; lastKnownFileType = text.json; path = M13.json; sourceTree = "<group>"; };
		DA6C8EB217E15544001F8A6D /* RTR.json */ = {isa = PBXFileReference; fileEncoding = 4; lastKnownFileType = text.json; path = RTR.json; sourceTree = "<group>"; };
		DA6C8EB417E15552001F8A6D /* GTC.json */ = {isa = PBXFileReference; fileEncoding = 4; lastKnownFileType = text.json; path = GTC.json; sourceTree = "<group>"; };
		DA6C8EB617E15563001F8A6D /* DGM.json */ = {isa = PBXFileReference; fileEncoding = 4; lastKnownFileType = text.json; path = DGM.json; sourceTree = "<group>"; };
		DA6C8EBA17E1833A001F8A6D /* CardRepository.h */ = {isa = PBXFileReference; fileEncoding = 4; lastKnownFileType = sourcecode.c.h; path = CardRepository.h; sourceTree = "<group>"; };
		DA6C8EBB17E1833A001F8A6D /* CardRepository.m */ = {isa = PBXFileReference; fileEncoding = 4; lastKnownFileType = sourcecode.c.objc; path = CardRepository.m; sourceTree = "<group>"; };
		DA76091E1814638100A4E3DD /* Player.h */ = {isa = PBXFileReference; fileEncoding = 4; lastKnownFileType = sourcecode.c.h; path = Player.h; sourceTree = "<group>"; };
		DA76091F1814638100A4E3DD /* Player.m */ = {isa = PBXFileReference; fileEncoding = 4; lastKnownFileType = sourcecode.c.objc; path = Player.m; sourceTree = "<group>"; };
		DA7609211814679900A4E3DD /* Deck.h */ = {isa = PBXFileReference; fileEncoding = 4; lastKnownFileType = sourcecode.c.h; path = Deck.h; sourceTree = "<group>"; };
		DA7609221814679900A4E3DD /* Deck.m */ = {isa = PBXFileReference; fileEncoding = 4; lastKnownFileType = sourcecode.c.objc; path = Deck.m; sourceTree = "<group>"; };
		DA760924181469B300A4E3DD /* BoosterPack.h */ = {isa = PBXFileReference; fileEncoding = 4; lastKnownFileType = sourcecode.c.h; path = BoosterPack.h; sourceTree = "<group>"; };
		DA760925181469B300A4E3DD /* BoosterPack.m */ = {isa = PBXFileReference; fileEncoding = 4; lastKnownFileType = sourcecode.c.objc; path = BoosterPack.m; sourceTree = "<group>"; };
		DA76092718146E7400A4E3DD /* MTGSet.h */ = {isa = PBXFileReference; fileEncoding = 4; lastKnownFileType = sourcecode.c.h; path = MTGSet.h; sourceTree = "<group>"; };
		DA76092818146E7400A4E3DD /* MTGSet.m */ = {isa = PBXFileReference; fileEncoding = 4; lastKnownFileType = sourcecode.c.objc; path = MTGSet.m; sourceTree = "<group>"; };
		DA76092B1814890600A4E3DD /* MTGSetService.h */ = {isa = PBXFileReference; fileEncoding = 4; lastKnownFileType = sourcecode.c.h; path = MTGSetService.h; sourceTree = "<group>"; };
		DA76092C1814890600A4E3DD /* MTGSetService.m */ = {isa = PBXFileReference; fileEncoding = 4; lastKnownFileType = sourcecode.c.objc; path = MTGSetService.m; sourceTree = "<group>"; };
		DAAF3A5A17E118BF00048CC6 /* DraftWithFriends.app */ = {isa = PBXFileReference; explicitFileType = wrapper.application; includeInIndex = 0; path = DraftWithFriends.app; sourceTree = BUILT_PRODUCTS_DIR; };
		DAAF3A5D17E118BF00048CC6 /* Foundation.framework */ = {isa = PBXFileReference; lastKnownFileType = wrapper.framework; name = Foundation.framework; path = System/Library/Frameworks/Foundation.framework; sourceTree = SDKROOT; };
		DAAF3A5F17E118BF00048CC6 /* CoreGraphics.framework */ = {isa = PBXFileReference; lastKnownFileType = wrapper.framework; name = CoreGraphics.framework; path = System/Library/Frameworks/CoreGraphics.framework; sourceTree = SDKROOT; };
		DAAF3A6117E118BF00048CC6 /* UIKit.framework */ = {isa = PBXFileReference; lastKnownFileType = wrapper.framework; name = UIKit.framework; path = System/Library/Frameworks/UIKit.framework; sourceTree = SDKROOT; };
		DAAF3A6517E118BF00048CC6 /* DraftWithFriends-Info.plist */ = {isa = PBXFileReference; lastKnownFileType = text.plist.xml; path = "DraftWithFriends-Info.plist"; sourceTree = "<group>"; };
		DAAF3A6717E118BF00048CC6 /* en */ = {isa = PBXFileReference; lastKnownFileType = text.plist.strings; name = en; path = en.lproj/InfoPlist.strings; sourceTree = "<group>"; };
		DAAF3A6917E118BF00048CC6 /* main.m */ = {isa = PBXFileReference; lastKnownFileType = sourcecode.c.objc; path = main.m; sourceTree = "<group>"; };
		DAAF3A6B17E118BF00048CC6 /* DraftWithFriends-Prefix.pch */ = {isa = PBXFileReference; lastKnownFileType = sourcecode.c.h; path = "DraftWithFriends-Prefix.pch"; sourceTree = "<group>"; };
		DAAF3A6C17E118BF00048CC6 /* AppDelegate.h */ = {isa = PBXFileReference; lastKnownFileType = sourcecode.c.h; path = AppDelegate.h; sourceTree = "<group>"; };
		DAAF3A6D17E118BF00048CC6 /* AppDelegate.m */ = {isa = PBXFileReference; lastKnownFileType = sourcecode.c.objc; path = AppDelegate.m; sourceTree = "<group>"; };
		DAAF3A7017E118BF00048CC6 /* Base */ = {isa = PBXFileReference; lastKnownFileType = file.storyboard; name = Base; path = Base.lproj/MainStoryboard.storyboard; sourceTree = "<group>"; };
		DAAF3A7517E118BF00048CC6 /* Images.xcassets */ = {isa = PBXFileReference; lastKnownFileType = folder.assetcatalog; path = Images.xcassets; sourceTree = "<group>"; };
		DAAF3A7B17E118BF00048CC6 /* DraftWithFriendsTests.xctest */ = {isa = PBXFileReference; explicitFileType = wrapper.cfbundle; includeInIndex = 0; path = DraftWithFriendsTests.xctest; sourceTree = BUILT_PRODUCTS_DIR; };
		DAAF3A9417E11F4F00048CC6 /* M14.json */ = {isa = PBXFileReference; fileEncoding = 4; lastKnownFileType = text.json; path = M14.json; sourceTree = "<group>"; };
/* End PBXFileReference section */

/* Begin PBXFrameworksBuildPhase section */
		DAAF3A5717E118BF00048CC6 /* Frameworks */ = {
			isa = PBXFrameworksBuildPhase;
			buildActionMask = 2147483647;
			files = (
				A644172A18D8788B00001411 /* QuartzCore.framework in Frameworks */,
				A644172618D8787900001411 /* CFNetwork.framework in Frameworks */,
				A644172018D8785E00001411 /* SystemConfiguration.framework in Frameworks */,
				DA6C8EAF17E14371001F8A6D /* ImageIO.framework in Frameworks */,
				DAAF3A6017E118BF00048CC6 /* CoreGraphics.framework in Frameworks */,
				DAAF3A6217E118BF00048CC6 /* UIKit.framework in Frameworks */,
				DAAF3A5E17E118BF00048CC6 /* Foundation.framework in Frameworks */,
				4E58B5460CECD8381E55FDD2 /* libPods.a in Frameworks */,
			);
			runOnlyForDeploymentPostprocessing = 0;
		};
		DAAF3A7817E118BF00048CC6 /* Frameworks */ = {
			isa = PBXFrameworksBuildPhase;
			buildActionMask = 2147483647;
			files = (
				DAAF3A7F17E118BF00048CC6 /* UIKit.framework in Frameworks */,
				DAAF3A7E17E118BF00048CC6 /* Foundation.framework in Frameworks */,
			);
			runOnlyForDeploymentPostprocessing = 0;
		};
/* End PBXFrameworksBuildPhase section */

/* Begin PBXGroup section */
		6C693B35FC986E6C6B4319D9 /* Pods */ = {
			isa = PBXGroup;
			children = (
				05FF5D521FC9EFAE00F6C743 /* Pods.debug.xcconfig */,
				4E2821D2C6670445C225B6D7 /* Pods.release.xcconfig */,
			);
			name = Pods;
			sourceTree = "<group>";
		};
		A6461DE718EA50D60052A2E4 /* CardDetail */ = {
			isa = PBXGroup;
			children = (
				A6461DE818EA50F00052A2E4 /* CardDetailViewController.h */,
				A6461DE918EA50F00052A2E4 /* CardDetailViewController.m */,
				A6461DEB18EA51010052A2E4 /* CardDetail.xib */,
			);
			name = CardDetail;
			path = "View Controllers/CardDetail";
			sourceTree = "<group>";
		};
		A665E0761863E19500FCA166 /* CustomViews */ = {
			isa = PBXGroup;
			children = (
				A644173818D87A5200001411 /* PrettyButton.h */,
				A644173918D87A5200001411 /* PrettyButton.m */,
				A6BF6E0F18CC0BA700A80474 /* LandPicker */,
				A665E0771863E25700FCA166 /* StackedImageView.h */,
				A665E0781863E25700FCA166 /* StackedImageView.m */,
				A699AC711867A6F800324F8D /* SlidingImageView.h */,
				A699AC721867A6F800324F8D /* SlidingImageView.m */,
				A60DB1EE18EFCDF700BA452F /* ShareDeckView.xib */,
				A60DB1F618EFD18800BA452F /* ShareDeckView.h */,
				A60DB1F718EFD18800BA452F /* ShareDeckView.m */,
			);
			name = CustomViews;
			sourceTree = "<group>";
		};
		A699AC6D1867A25600324F8D /* Categories */ = {
			isa = PBXGroup;
			children = (
				A699AC6E1867A27600324F8D /* UIView+Helpers.h */,
				A699AC6F1867A27600324F8D /* UIView+Helpers.m */,
			);
			name = Categories;
			sourceTree = "<group>";
		};
		A6A1A3EC18D8747A006FAB89 /* Utilities */ = {
			isa = PBXGroup;
			children = (
				A6A1A3ED18D8747A006FAB89 /* Consts.h */,
				A6A1A3EE18D8747A006FAB89 /* Consts.m */,
				A6A1A3EF18D8747A006FAB89 /* Enums.h */,
				A6A1A3F018D8747A006FAB89 /* Enums.m */,
			);
			path = Utilities;
			sourceTree = "<group>";
		};
		A6BF6E0F18CC0BA700A80474 /* LandPicker */ = {
			isa = PBXGroup;
			children = (
				A6BF6E0C18CC0B9B00A80474 /* LandPickerView.h */,
				A6BF6E0D18CC0B9B00A80474 /* LandPickerView.m */,
				A6BF6E1018CC0BD700A80474 /* LandPickerViewNib.xib */,
			);
			name = LandPicker;
			sourceTree = "<group>";
		};
		A6D3EC711863CEAE00246D24 /* CustomCells */ = {
			isa = PBXGroup;
			children = (
				A6D3EC721863CEE000246D24 /* DraftCardCell.h */,
				A6D3EC731863CEE000246D24 /* DraftCardCell.m */,
				DA76091E1814638100A4E3DD /* Player.h */,
				DA76091F1814638100A4E3DD /* Player.m */,
				DA7609211814679900A4E3DD /* Deck.h */,
				DA7609221814679900A4E3DD /* Deck.m */,
				DA760924181469B300A4E3DD /* BoosterPack.h */,
				DA760925181469B300A4E3DD /* BoosterPack.m */,
				DA76092718146E7400A4E3DD /* MTGSet.h */,
				DA76092818146E7400A4E3DD /* MTGSet.m */,
				A665E07D1863E6A800FCA166 /* StackedCardCell.h */,
				A665E07E1863E6A800FCA166 /* StackedCardCell.m */,
				A6C28BFA18D95BDF00D625CA /* ListedDeckCell.h */,
				A6C28BFB18D95BDF00D625CA /* ListedDeckCell.m */,
			);
			name = CustomCells;
			sourceTree = "<group>";
		};
		A6D3EC751863CFC100246D24 /* Images */ = {
			isa = PBXGroup;
			children = (
				A6E0049D1A2440F200CCBF57 /* cardback.jpg */,
				A644174718D884A100001411 /* logo@2x.png */,
			);
			name = Images;
			sourceTree = "<group>";
		};
		DA6C8E3917E13000001F8A6D /* Models */ = {
			isa = PBXGroup;
			children = (
				DA6C8E3A17E1301F001F8A6D /* Card.h */,
				DA6C8E3B17E1301F001F8A6D /* Card.m */,
				A66B60C51887C96A002B6867 /* ImageStack.h */,
				A66B60C61887C96A002B6867 /* ImageStack.m */,
				A6512AE218C81D3C006F4973 /* DeckViewModel.h */,
				A6512AE318C81D3C006F4973 /* DeckViewModel.m */,
				A6BF6E1518CC209F00A80474 /* DrawViewModel.h */,
				A6BF6E1618CC209F00A80474 /* DrawViewModel.m */,
				A6A1A3E218D868CB006FAB89 /* MTGUser.h */,
				A6A1A3E318D868CB006FAB89 /* MTGUser.m */,
				A6C28BFD18D95D6400D625CA /* CompleteDeck.h */,
				A6C28BFE18D95D6400D625CA /* CompleteDeck.m */,
			);
			name = Models;
			sourceTree = "<group>";
		};
		DA6C8EB917E18271001F8A6D /* Repositories */ = {
			isa = PBXGroup;
			children = (
				A644174118D87C1300001411 /* RepositoryBase.h */,
				A644174218D87C1300001411 /* RepositoryBase.m */,
				A644174318D87C1300001411 /* UserRepository.h */,
				A644174418D87C1300001411 /* UserRepository.m */,
				DA6C8EBA17E1833A001F8A6D /* CardRepository.h */,
				DA6C8EBB17E1833A001F8A6D /* CardRepository.m */,
				A6C28C0318D95E7F00D625CA /* DeckRepository.h */,
				A6C28C0418D95E7F00D625CA /* DeckRepository.m */,
			);
			name = Repositories;
			sourceTree = "<group>";
		};
		DA76092A181488F000A4E3DD /* Services */ = {
			isa = PBXGroup;
			children = (
				A644173E18D87BD200001411 /* ServiceBase.h */,
				A644173F18D87BD200001411 /* ServiceBase.m */,
				DA76092B1814890600A4E3DD /* MTGSetService.h */,
				DA76092C1814890600A4E3DD /* MTGSetService.m */,
				A6A1A3DF18D8683D006FAB89 /* UserService.h */,
				A6A1A3E018D8683D006FAB89 /* UserService.m */,
				A6C28C0018D95E3600D625CA /* DeckService.h */,
				A6C28C0118D95E3600D625CA /* DeckService.m */,
			);
			name = Services;
			sourceTree = "<group>";
		};
		DAAF3A5117E118BF00048CC6 = {
			isa = PBXGroup;
			children = (
				DAAF3A6317E118BF00048CC6 /* DraftWithFriends */,
				DAAF3A5C17E118BF00048CC6 /* Frameworks */,
				DAAF3A5B17E118BF00048CC6 /* Products */,
				6C693B35FC986E6C6B4319D9 /* Pods */,
			);
			sourceTree = "<group>";
		};
		DAAF3A5B17E118BF00048CC6 /* Products */ = {
			isa = PBXGroup;
			children = (
				DAAF3A5A17E118BF00048CC6 /* DraftWithFriends.app */,
				DAAF3A7B17E118BF00048CC6 /* DraftWithFriendsTests.xctest */,
			);
			name = Products;
			sourceTree = "<group>";
		};
		DAAF3A5C17E118BF00048CC6 /* Frameworks */ = {
			isa = PBXGroup;
			children = (
				A644172918D8788B00001411 /* QuartzCore.framework */,
				A644172518D8787900001411 /* CFNetwork.framework */,
				A644171F18D8785E00001411 /* SystemConfiguration.framework */,
				DA6C8EAE17E14371001F8A6D /* ImageIO.framework */,
				DAAF3A5D17E118BF00048CC6 /* Foundation.framework */,
				DAAF3A5F17E118BF00048CC6 /* CoreGraphics.framework */,
				DAAF3A6117E118BF00048CC6 /* UIKit.framework */,
				BF2D525C2E84375E00F329D4 /* libPods.a */,
			);
			name = Frameworks;
			sourceTree = "<group>";
		};
		DAAF3A6317E118BF00048CC6 /* DraftWithFriends */ = {
			isa = PBXGroup;
			children = (
				A6A1A3EC18D8747A006FAB89 /* Utilities */,
				A699AC6D1867A25600324F8D /* Categories */,
				A665E0761863E19500FCA166 /* CustomViews */,
				A6D3EC751863CFC100246D24 /* Images */,
				A6D3EC711863CEAE00246D24 /* CustomCells */,
				DA76092A181488F000A4E3DD /* Services */,
				DA6C8EB917E18271001F8A6D /* Repositories */,
				DA6C8E3917E13000001F8A6D /* Models */,
				DAAF3A9917E1202F00048CC6 /* ImagesXCassets */,
				DAAF3A9817E1200400048CC6 /* Views */,
				DAAF3A9717E11FF600048CC6 /* AppDelegate */,
				DAAF3A9617E11F8100048CC6 /* ViewControllers */,
				DAAF3A9217E11EDD00048CC6 /* SetJSON */,
				DAAF3A6417E118BF00048CC6 /* Supporting Files */,
			);
			path = DraftWithFriends;
			sourceTree = "<group>";
		};
		DAAF3A6417E118BF00048CC6 /* Supporting Files */ = {
			isa = PBXGroup;
			children = (
				DAAF3A6517E118BF00048CC6 /* DraftWithFriends-Info.plist */,
				DAAF3A6617E118BF00048CC6 /* InfoPlist.strings */,
				DAAF3A6917E118BF00048CC6 /* main.m */,
				DAAF3A6B17E118BF00048CC6 /* DraftWithFriends-Prefix.pch */,
			);
			name = "Supporting Files";
			sourceTree = "<group>";
		};
		DAAF3A9217E11EDD00048CC6 /* SetJSON */ = {
			isa = PBXGroup;
			children = (
				A60ACADC18C87BB800E494F0 /* BNG.json */,
				DA6C8EB017E15335001F8A6D /* M13.json */,
				DA6C8EB217E15544001F8A6D /* RTR.json */,
				DA6C8EB417E15552001F8A6D /* GTC.json */,
				DA6C8EB617E15563001F8A6D /* DGM.json */,
				DAAF3A9417E11F4F00048CC6 /* M14.json */,
				DA39903F18643E6C00BCDA33 /* THS.json */,
			);
			name = SetJSON;
			sourceTree = "<group>";
		};
		DAAF3A9617E11F8100048CC6 /* ViewControllers */ = {
			isa = PBXGroup;
			children = (
				A6461DE718EA50D60052A2E4 /* CardDetail */,
				A6A1A3F318D876F5006FAB89 /* WireframeViewController.h */,
				A6A1A3F418D876F5006FAB89 /* WireframeViewController.m */,
				A6D3EC6E1863CDDF00246D24 /* DraftViewController.h */,
				A6D3EC6F1863CDDF00246D24 /* DraftViewController.m */,
				A665E07A1863E65C00FCA166 /* DeckViewController.h */,
				A665E07B1863E65C00FCA166 /* DeckViewController.m */,
				A6222BB218C86F5D00AFA3EE /* SetPickerViewController.h */,
				A6222BB318C86F5D00AFA3EE /* SetPickerViewController.m */,
				A6BF6E1218CC1D7700A80474 /* DrawViewController.h */,
				A6BF6E1318CC1D7700A80474 /* DrawViewController.m */,
				A6C28BF718D95B8400D625CA /* DeckListViewController.h */,
				A6C28BF818D95B8400D625CA /* DeckListViewController.m */,
			);
			name = ViewControllers;
			sourceTree = "<group>";
		};
		DAAF3A9717E11FF600048CC6 /* AppDelegate */ = {
			isa = PBXGroup;
			children = (
				DAAF3A6C17E118BF00048CC6 /* AppDelegate.h */,
				DAAF3A6D17E118BF00048CC6 /* AppDelegate.m */,
			);
			name = AppDelegate;
			sourceTree = "<group>";
		};
		DAAF3A9817E1200400048CC6 /* Views */ = {
			isa = PBXGroup;
			children = (
				DAAF3A6F17E118BF00048CC6 /* MainStoryboard.storyboard */,
			);
			name = Views;
			sourceTree = "<group>";
		};
		DAAF3A9917E1202F00048CC6 /* ImagesXCassets */ = {
			isa = PBXGroup;
			children = (
				DAAF3A7517E118BF00048CC6 /* Images.xcassets */,
			);
			name = ImagesXCassets;
			sourceTree = "<group>";
		};
/* End PBXGroup section */

/* Begin PBXNativeTarget section */
		DAAF3A5917E118BF00048CC6 /* DraftWithFriends */ = {
			isa = PBXNativeTarget;
			buildConfigurationList = DAAF3A8C17E118BF00048CC6 /* Build configuration list for PBXNativeTarget "DraftWithFriends" */;
			buildPhases = (
				936210D515D3F2C0D98B7ED3 /* Check Pods Manifest.lock */,
				DAAF3A5617E118BF00048CC6 /* Sources */,
				DAAF3A5717E118BF00048CC6 /* Frameworks */,
				DAAF3A5817E118BF00048CC6 /* Resources */,
				3F9C0645B8F86D470B2BA009 /* Copy Pods Resources */,
			);
			buildRules = (
			);
			dependencies = (
			);
			name = DraftWithFriends;
			productName = DraftWithFriends;
			productReference = DAAF3A5A17E118BF00048CC6 /* DraftWithFriends.app */;
			productType = "com.apple.product-type.application";
		};
		DAAF3A7A17E118BF00048CC6 /* DraftWithFriendsTests */ = {
			isa = PBXNativeTarget;
			buildConfigurationList = DAAF3A8F17E118BF00048CC6 /* Build configuration list for PBXNativeTarget "DraftWithFriendsTests" */;
			buildPhases = (
				DAAF3A7717E118BF00048CC6 /* Sources */,
				DAAF3A7817E118BF00048CC6 /* Frameworks */,
				DAAF3A7917E118BF00048CC6 /* Resources */,
			);
			buildRules = (
			);
			dependencies = (
				DAAF3A8117E118BF00048CC6 /* PBXTargetDependency */,
			);
			name = DraftWithFriendsTests;
			productName = DraftWithFriendsTests;
			productReference = DAAF3A7B17E118BF00048CC6 /* DraftWithFriendsTests.xctest */;
			productType = "com.apple.product-type.bundle.unit-test";
		};
/* End PBXNativeTarget section */

/* Begin PBXProject section */
		DAAF3A5217E118BF00048CC6 /* Project object */ = {
			isa = PBXProject;
			attributes = {
				LastUpgradeCheck = 0610;
				ORGANIZATIONNAME = "Ryan Schroeder";
				TargetAttributes = {
					DAAF3A5917E118BF00048CC6 = {
						DevelopmentTeam = T992VJAD7T;
					};
					DAAF3A7A17E118BF00048CC6 = {
						TestTargetID = DAAF3A5917E118BF00048CC6;
					};
				};
			};
			buildConfigurationList = DAAF3A5517E118BF00048CC6 /* Build configuration list for PBXProject "DraftWithFriends" */;
			compatibilityVersion = "Xcode 3.2";
			developmentRegion = English;
			hasScannedForEncodings = 0;
			knownRegions = (
				en,
				Base,
			);
			mainGroup = DAAF3A5117E118BF00048CC6;
			productRefGroup = DAAF3A5B17E118BF00048CC6 /* Products */;
			projectDirPath = "";
			projectRoot = "";
			targets = (
				DAAF3A5917E118BF00048CC6 /* DraftWithFriends */,
				DAAF3A7A17E118BF00048CC6 /* DraftWithFriendsTests */,
			);
		};
/* End PBXProject section */

/* Begin PBXResourcesBuildPhase section */
		DAAF3A5817E118BF00048CC6 /* Resources */ = {
			isa = PBXResourcesBuildPhase;
			buildActionMask = 2147483647;
			files = (
				DA39904018643E6C00BCDA33 /* THS.json in Resources */,
				A6E0049E1A2440F200CCBF57 /* cardback.jpg in Resources */,
				DA6C8EB717E15563001F8A6D /* DGM.json in Resources */,
				DA6C8EB317E15544001F8A6D /* RTR.json in Resources */,
				A6BF6E1118CC0BD700A80474 /* LandPickerViewNib.xib in Resources */,
				DAAF3A7617E118BF00048CC6 /* Images.xcassets in Resources */,
				DAAF3A6817E118BF00048CC6 /* InfoPlist.strings in Resources */,
				DAAF3A9517E11F4F00048CC6 /* M14.json in Resources */,
				A6461DEC18EA51010052A2E4 /* CardDetail.xib in Resources */,
				A644174818D884A100001411 /* logo@2x.png in Resources */,
				DA6C8EB517E15552001F8A6D /* GTC.json in Resources */,
				A6C6689518D88749001635EB /* MainStoryboard.storyboard in Resources */,
				A60DB1EF18EFCDF700BA452F /* ShareDeckView.xib in Resources */,
				A60ACADD18C87BB800E494F0 /* BNG.json in Resources */,
				DA6C8EB117E15335001F8A6D /* M13.json in Resources */,
			);
			runOnlyForDeploymentPostprocessing = 0;
		};
		DAAF3A7917E118BF00048CC6 /* Resources */ = {
			isa = PBXResourcesBuildPhase;
			buildActionMask = 2147483647;
			files = (
			);
			runOnlyForDeploymentPostprocessing = 0;
		};
/* End PBXResourcesBuildPhase section */

/* Begin PBXShellScriptBuildPhase section */
		3F9C0645B8F86D470B2BA009 /* Copy Pods Resources */ = {
			isa = PBXShellScriptBuildPhase;
			buildActionMask = 2147483647;
			files = (
			);
			inputPaths = (
			);
			name = "Copy Pods Resources";
			outputPaths = (
			);
			runOnlyForDeploymentPostprocessing = 0;
			shellPath = /bin/sh;
			shellScript = "\"${SRCROOT}/Pods/Target Support Files/Pods/Pods-resources.sh\"\n";
			showEnvVarsInLog = 0;
		};
		936210D515D3F2C0D98B7ED3 /* Check Pods Manifest.lock */ = {
			isa = PBXShellScriptBuildPhase;
			buildActionMask = 2147483647;
			files = (
			);
			inputPaths = (
			);
			name = "Check Pods Manifest.lock";
			outputPaths = (
			);
			runOnlyForDeploymentPostprocessing = 0;
			shellPath = /bin/sh;
			shellScript = "diff \"${PODS_ROOT}/../Podfile.lock\" \"${PODS_ROOT}/Manifest.lock\" > /dev/null\nif [[ $? != 0 ]] ; then\n    cat << EOM\nerror: The sandbox is not in sync with the Podfile.lock. Run 'pod install' or update your CocoaPods installation.\nEOM\n    exit 1\nfi\n";
			showEnvVarsInLog = 0;
		};
/* End PBXShellScriptBuildPhase section */

/* Begin PBXSourcesBuildPhase section */
		DAAF3A5617E118BF00048CC6 /* Sources */ = {
			isa = PBXSourcesBuildPhase;
			buildActionMask = 2147483647;
			files = (
				A665E07C1863E65C00FCA166 /* DeckViewController.m in Sources */,
				A6C28BFC18D95BDF00D625CA /* ListedDeckCell.m in Sources */,
				A665E0791863E25700FCA166 /* StackedImageView.m in Sources */,
				A6512AE418C81D3C006F4973 /* DeckViewModel.m in Sources */,
				A66B60C71887C96A002B6867 /* ImageStack.m in Sources */,
				A6C28C0218D95E3600D625CA /* DeckService.m in Sources */,
				A699AC701867A27600324F8D /* UIView+Helpers.m in Sources */,
				A6D3EC701863CDDF00246D24 /* DraftViewController.m in Sources */,
				DA6C8EBC17E1833A001F8A6D /* CardRepository.m in Sources */,
				A644173A18D87A5200001411 /* PrettyButton.m in Sources */,
				DA7609231814679900A4E3DD /* Deck.m in Sources */,
				A6BF6E0E18CC0B9B00A80474 /* LandPickerView.m in Sources */,
				A665E07F1863E6A800FCA166 /* StackedCardCell.m in Sources */,
				A6D3EC741863CEE000246D24 /* DraftCardCell.m in Sources */,
				A6A1A3E418D868CB006FAB89 /* MTGUser.m in Sources */,
				A6A1A3F518D876F5006FAB89 /* WireframeViewController.m in Sources */,
				DA76092D1814890600A4E3DD /* MTGSetService.m in Sources */,
				A6A1A3F118D8747A006FAB89 /* Consts.m in Sources */,
				DAAF3A6E17E118BF00048CC6 /* AppDelegate.m in Sources */,
				A644174518D87C1300001411 /* RepositoryBase.m in Sources */,
				DAAF3A6A17E118BF00048CC6 /* main.m in Sources */,
				A60DB1F818EFD18800BA452F /* ShareDeckView.m in Sources */,
				A6C28BFF18D95D6400D625CA /* CompleteDeck.m in Sources */,
				A6BF6E1718CC209F00A80474 /* DrawViewModel.m in Sources */,
				A6461DEA18EA50F00052A2E4 /* CardDetailViewController.m in Sources */,
				DA76092918146E7400A4E3DD /* MTGSet.m in Sources */,
				DA760926181469B300A4E3DD /* BoosterPack.m in Sources */,
				A644174618D87C1300001411 /* UserRepository.m in Sources */,
				A699AC731867A6F800324F8D /* SlidingImageView.m in Sources */,
				A6C28C0518D95E7F00D625CA /* DeckRepository.m in Sources */,
				A6C28BF918D95B8400D625CA /* DeckListViewController.m in Sources */,
				A644174018D87BD200001411 /* ServiceBase.m in Sources */,
				A6A1A3F218D8747A006FAB89 /* Enums.m in Sources */,
				A6222BB418C86F5D00AFA3EE /* SetPickerViewController.m in Sources */,
				DA7609201814638100A4E3DD /* Player.m in Sources */,
				A6BF6E1418CC1D7700A80474 /* DrawViewController.m in Sources */,
				A6A1A3E118D8683D006FAB89 /* UserService.m in Sources */,
				DA6C8E3C17E1301F001F8A6D /* Card.m in Sources */,
			);
			runOnlyForDeploymentPostprocessing = 0;
		};
		DAAF3A7717E118BF00048CC6 /* Sources */ = {
			isa = PBXSourcesBuildPhase;
			buildActionMask = 2147483647;
			files = (
			);
			runOnlyForDeploymentPostprocessing = 0;
		};
/* End PBXSourcesBuildPhase section */

/* Begin PBXTargetDependency section */
		DAAF3A8117E118BF00048CC6 /* PBXTargetDependency */ = {
			isa = PBXTargetDependency;
			target = DAAF3A5917E118BF00048CC6 /* DraftWithFriends */;
			targetProxy = DAAF3A8017E118BF00048CC6 /* PBXContainerItemProxy */;
		};
/* End PBXTargetDependency section */

/* Begin PBXVariantGroup section */
		DAAF3A6617E118BF00048CC6 /* InfoPlist.strings */ = {
			isa = PBXVariantGroup;
			children = (
				DAAF3A6717E118BF00048CC6 /* en */,
			);
			name = InfoPlist.strings;
			sourceTree = "<group>";
		};
		DAAF3A6F17E118BF00048CC6 /* MainStoryboard.storyboard */ = {
			isa = PBXVariantGroup;
			children = (
				DAAF3A7017E118BF00048CC6 /* Base */,
			);
			name = MainStoryboard.storyboard;
			sourceTree = "<group>";
		};
/* End PBXVariantGroup section */

/* Begin XCBuildConfiguration section */
		DAAF3A8A17E118BF00048CC6 /* Debug */ = {
			isa = XCBuildConfiguration;
			buildSettings = {
				ALWAYS_SEARCH_USER_PATHS = NO;
				CLANG_CXX_LANGUAGE_STANDARD = "gnu++0x";
				CLANG_CXX_LIBRARY = "libc++";
				CLANG_ENABLE_MODULES = YES;
				CLANG_ENABLE_OBJC_ARC = YES;
				CLANG_WARN_BOOL_CONVERSION = YES;
				CLANG_WARN_CONSTANT_CONVERSION = YES;
				CLANG_WARN_DIRECT_OBJC_ISA_USAGE = YES_ERROR;
				CLANG_WARN_EMPTY_BODY = YES;
				CLANG_WARN_ENUM_CONVERSION = YES;
				CLANG_WARN_INT_CONVERSION = YES;
				CLANG_WARN_OBJC_ROOT_CLASS = YES_ERROR;
				CLANG_WARN__DUPLICATE_METHOD_MATCH = YES;
				"CODE_SIGN_IDENTITY[sdk=iphoneos*]" = "iPhone Developer";
				COPY_PHASE_STRIP = NO;
				GCC_C_LANGUAGE_STANDARD = gnu99;
				GCC_DYNAMIC_NO_PIC = NO;
				GCC_OPTIMIZATION_LEVEL = 0;
				GCC_PREPROCESSOR_DEFINITIONS = (
					"DEBUG=1",
					"$(inherited)",
				);
				GCC_SYMBOLS_PRIVATE_EXTERN = NO;
				GCC_WARN_64_TO_32_BIT_CONVERSION = YES;
				GCC_WARN_ABOUT_RETURN_TYPE = YES_ERROR;
				GCC_WARN_UNDECLARED_SELECTOR = YES;
				GCC_WARN_UNINITIALIZED_AUTOS = YES;
				GCC_WARN_UNUSED_FUNCTION = YES;
				GCC_WARN_UNUSED_VARIABLE = YES;
				IPHONEOS_DEPLOYMENT_TARGET = 7.0;
				ONLY_ACTIVE_ARCH = YES;
				SDKROOT = iphoneos;
			};
			name = Debug;
		};
		DAAF3A8B17E118BF00048CC6 /* Release */ = {
			isa = XCBuildConfiguration;
			buildSettings = {
				ALWAYS_SEARCH_USER_PATHS = NO;
				CLANG_CXX_LANGUAGE_STANDARD = "gnu++0x";
				CLANG_CXX_LIBRARY = "libc++";
				CLANG_ENABLE_MODULES = YES;
				CLANG_ENABLE_OBJC_ARC = YES;
				CLANG_WARN_BOOL_CONVERSION = YES;
				CLANG_WARN_CONSTANT_CONVERSION = YES;
				CLANG_WARN_DIRECT_OBJC_ISA_USAGE = YES_ERROR;
				CLANG_WARN_EMPTY_BODY = YES;
				CLANG_WARN_ENUM_CONVERSION = YES;
				CLANG_WARN_INT_CONVERSION = YES;
				CLANG_WARN_OBJC_ROOT_CLASS = YES_ERROR;
				CLANG_WARN__DUPLICATE_METHOD_MATCH = YES;
				"CODE_SIGN_IDENTITY[sdk=iphoneos*]" = "iPhone Developer";
				COPY_PHASE_STRIP = YES;
				ENABLE_NS_ASSERTIONS = NO;
				GCC_C_LANGUAGE_STANDARD = gnu99;
				GCC_WARN_64_TO_32_BIT_CONVERSION = YES;
				GCC_WARN_ABOUT_RETURN_TYPE = YES_ERROR;
				GCC_WARN_UNDECLARED_SELECTOR = YES;
				GCC_WARN_UNINITIALIZED_AUTOS = YES;
				GCC_WARN_UNUSED_FUNCTION = YES;
				GCC_WARN_UNUSED_VARIABLE = YES;
				IPHONEOS_DEPLOYMENT_TARGET = 7.0;
				SDKROOT = iphoneos;
				VALIDATE_PRODUCT = YES;
			};
			name = Release;
		};
		DAAF3A8D17E118BF00048CC6 /* Debug */ = {
			isa = XCBuildConfiguration;
			baseConfigurationReference = 05FF5D521FC9EFAE00F6C743 /* Pods.debug.xcconfig */;
			buildSettings = {
				ASSETCATALOG_COMPILER_APPICON_NAME = AppIcon;
				ASSETCATALOG_COMPILER_LAUNCHIMAGE_NAME = LaunchImage;
				CODE_SIGN_IDENTITY = "iPhone Developer";
				"CODE_SIGN_IDENTITY[sdk=iphoneos*]" = "iPhone Developer";
				FRAMEWORK_SEARCH_PATHS = (
					"$(inherited)",
					/Users/trent.ellingsen/Dev/DraftWithFriends/DraftWithFriends/Frameworks,
					/Users/trent.ellingsen/Dev/DraftWithFriends,
					/Users/trent.ellingsen/Documents/FacebookSDK,
					"$(PROJECT_DIR)",
				);
				GCC_PRECOMPILE_PREFIX_HEADER = YES;
				GCC_PREFIX_HEADER = "DraftWithFriends/DraftWithFriends-Prefix.pch";
				INFOPLIST_FILE = "DraftWithFriends/DraftWithFriends-Info.plist";
				OTHER_LDFLAGS = "$(inherited)";
				PRODUCT_NAME = "$(TARGET_NAME)";
				PROVISIONING_PROFILE = "";
				WRAPPER_EXTENSION = app;
			};
			name = Debug;
		};
		DAAF3A8E17E118BF00048CC6 /* Release */ = {
			isa = XCBuildConfiguration;
			baseConfigurationReference = 4E2821D2C6670445C225B6D7 /* Pods.release.xcconfig */;
			buildSettings = {
				ASSETCATALOG_COMPILER_APPICON_NAME = AppIcon;
				ASSETCATALOG_COMPILER_LAUNCHIMAGE_NAME = LaunchImage;
				CODE_SIGN_IDENTITY = "iPhone Developer";
				"CODE_SIGN_IDENTITY[sdk=iphoneos*]" = "iPhone Developer";
				FRAMEWORK_SEARCH_PATHS = (
					"$(inherited)",
					/Users/ryan.schroeder/Desktop/Developer/DraftWithFriends,
					/Users/trent.ellingsen/Dev/DraftWithFriends/DraftWithFriends/Frameworks,
					/Users/trent.ellingsen/Dev/DraftWithFriends,
					/Users/trent.ellingsen/Documents/FacebookSDK,
					"$(PROJECT_DIR)",
				);
				GCC_PRECOMPILE_PREFIX_HEADER = YES;
				GCC_PREFIX_HEADER = "DraftWithFriends/DraftWithFriends-Prefix.pch";
				INFOPLIST_FILE = "DraftWithFriends/DraftWithFriends-Info.plist";
				OTHER_LDFLAGS = "$(inherited)";
				PRODUCT_NAME = "$(TARGET_NAME)";
				PROVISIONING_PROFILE = "";
				WRAPPER_EXTENSION = app;
			};
			name = Release;
		};
		DAAF3A9017E118BF00048CC6 /* Debug */ = {
			isa = XCBuildConfiguration;
			buildSettings = {
				BUNDLE_LOADER = "$(BUILT_PRODUCTS_DIR)/DraftWithFriends.app/DraftWithFriends";
				FRAMEWORK_SEARCH_PATHS = (
					"$(SDKROOT)/Developer/Library/Frameworks",
					"$(inherited)",
					"$(DEVELOPER_FRAMEWORKS_DIR)",
				);
				GCC_PRECOMPILE_PREFIX_HEADER = YES;
				GCC_PREFIX_HEADER = "DraftWithFriends/DraftWithFriends-Prefix.pch";
				GCC_PREPROCESSOR_DEFINITIONS = (
					"DEBUG=1",
					"$(inherited)",
				);
				INFOPLIST_FILE = "DraftWithFriendsTests/DraftWithFriendsTests-Info.plist";
				PRODUCT_NAME = "$(TARGET_NAME)";
				TEST_HOST = "$(BUNDLE_LOADER)";
				WRAPPER_EXTENSION = xctest;
			};
			name = Debug;
		};
		DAAF3A9117E118BF00048CC6 /* Release */ = {
			isa = XCBuildConfiguration;
			buildSettings = {
				BUNDLE_LOADER = "$(BUILT_PRODUCTS_DIR)/DraftWithFriends.app/DraftWithFriends";
				FRAMEWORK_SEARCH_PATHS = (
					"$(SDKROOT)/Developer/Library/Frameworks",
					"$(inherited)",
					"$(DEVELOPER_FRAMEWORKS_DIR)",
				);
				GCC_PRECOMPILE_PREFIX_HEADER = YES;
				GCC_PREFIX_HEADER = "DraftWithFriends/DraftWithFriends-Prefix.pch";
				INFOPLIST_FILE = "DraftWithFriendsTests/DraftWithFriendsTests-Info.plist";
				PRODUCT_NAME = "$(TARGET_NAME)";
				TEST_HOST = "$(BUNDLE_LOADER)";
				WRAPPER_EXTENSION = xctest;
			};
			name = Release;
		};
/* End XCBuildConfiguration section */

/* Begin XCConfigurationList section */
		DAAF3A5517E118BF00048CC6 /* Build configuration list for PBXProject "DraftWithFriends" */ = {
			isa = XCConfigurationList;
			buildConfigurations = (
				DAAF3A8A17E118BF00048CC6 /* Debug */,
				DAAF3A8B17E118BF00048CC6 /* Release */,
			);
			defaultConfigurationIsVisible = 0;
			defaultConfigurationName = Release;
		};
		DAAF3A8C17E118BF00048CC6 /* Build configuration list for PBXNativeTarget "DraftWithFriends" */ = {
			isa = XCConfigurationList;
			buildConfigurations = (
				DAAF3A8D17E118BF00048CC6 /* Debug */,
				DAAF3A8E17E118BF00048CC6 /* Release */,
			);
			defaultConfigurationIsVisible = 0;
			defaultConfigurationName = Release;
		};
		DAAF3A8F17E118BF00048CC6 /* Build configuration list for PBXNativeTarget "DraftWithFriendsTests" */ = {
			isa = XCConfigurationList;
			buildConfigurations = (
				DAAF3A9017E118BF00048CC6 /* Debug */,
				DAAF3A9117E118BF00048CC6 /* Release */,
			);
			defaultConfigurationIsVisible = 0;
			defaultConfigurationName = Release;
		};
/* End XCConfigurationList section */
	};
	rootObject = DAAF3A5217E118BF00048CC6 /* Project object */;
}
