// !$*UTF8*$!
{
	archiveVersion = 1;
	classes = {
	};
	objectVersion = 46;
	objects = {

/* Begin PBXBuildFile section */
		DA6C8E3C17E1301F001F8A6D /* Card.m in Sources */ = {isa = PBXBuildFile; fileRef = DA6C8E3B17E1301F001F8A6D /* Card.m */; };
		DA6C8EAC17E14318001F8A6D /* SDWebImage.framework in Frameworks */ = {isa = PBXBuildFile; fileRef = DA6C8EAB17E14318001F8A6D /* SDWebImage.framework */; };
		DA6C8EAF17E14371001F8A6D /* ImageIO.framework in Frameworks */ = {isa = PBXBuildFile; fileRef = DA6C8EAE17E14371001F8A6D /* ImageIO.framework */; };
		DA6C8EB117E15335001F8A6D /* M13.json in Resources */ = {isa = PBXBuildFile; fileRef = DA6C8EB017E15335001F8A6D /* M13.json */; };
		DA6C8EB317E15544001F8A6D /* RTR.json in Resources */ = {isa = PBXBuildFile; fileRef = DA6C8EB217E15544001F8A6D /* RTR.json */; };
		DA6C8EB517E15552001F8A6D /* GTC.json in Resources */ = {isa = PBXBuildFile; fileRef = DA6C8EB417E15552001F8A6D /* GTC.json */; };
		DA6C8EB717E15563001F8A6D /* DGM.json in Resources */ = {isa = PBXBuildFile; fileRef = DA6C8EB617E15563001F8A6D /* DGM.json */; };
		DA6C8EBC17E1833A001F8A6D /* CardRepository.m in Sources */ = {isa = PBXBuildFile; fileRef = DA6C8EBB17E1833A001F8A6D /* CardRepository.m */; };
		DAAF3A5E17E118BF00048CC6 /* Foundation.framework in Frameworks */ = {isa = PBXBuildFile; fileRef = DAAF3A5D17E118BF00048CC6 /* Foundation.framework */; };
		DAAF3A6017E118BF00048CC6 /* CoreGraphics.framework in Frameworks */ = {isa = PBXBuildFile; fileRef = DAAF3A5F17E118BF00048CC6 /* CoreGraphics.framework */; };
		DAAF3A6217E118BF00048CC6 /* UIKit.framework in Frameworks */ = {isa = PBXBuildFile; fileRef = DAAF3A6117E118BF00048CC6 /* UIKit.framework */; };
		DAAF3A6817E118BF00048CC6 /* InfoPlist.strings in Resources */ = {isa = PBXBuildFile; fileRef = DAAF3A6617E118BF00048CC6 /* InfoPlist.strings */; };
		DAAF3A6A17E118BF00048CC6 /* main.m in Sources */ = {isa = PBXBuildFile; fileRef = DAAF3A6917E118BF00048CC6 /* main.m */; };
		DAAF3A6E17E118BF00048CC6 /* AppDelegate.m in Sources */ = {isa = PBXBuildFile; fileRef = DAAF3A6D17E118BF00048CC6 /* AppDelegate.m */; };
		DAAF3A7117E118BF00048CC6 /* Main.storyboard in Resources */ = {isa = PBXBuildFile; fileRef = DAAF3A6F17E118BF00048CC6 /* Main.storyboard */; };
		DAAF3A7417E118BF00048CC6 /* ViewController.m in Sources */ = {isa = PBXBuildFile; fileRef = DAAF3A7317E118BF00048CC6 /* ViewController.m */; };
		DAAF3A7617E118BF00048CC6 /* Images.xcassets in Resources */ = {isa = PBXBuildFile; fileRef = DAAF3A7517E118BF00048CC6 /* Images.xcassets */; };
		DAAF3A7D17E118BF00048CC6 /* XCTest.framework in Frameworks */ = {isa = PBXBuildFile; fileRef = DAAF3A7C17E118BF00048CC6 /* XCTest.framework */; };
		DAAF3A7E17E118BF00048CC6 /* Foundation.framework in Frameworks */ = {isa = PBXBuildFile; fileRef = DAAF3A5D17E118BF00048CC6 /* Foundation.framework */; };
		DAAF3A7F17E118BF00048CC6 /* UIKit.framework in Frameworks */ = {isa = PBXBuildFile; fileRef = DAAF3A6117E118BF00048CC6 /* UIKit.framework */; };
		DAAF3A8717E118BF00048CC6 /* InfoPlist.strings in Resources */ = {isa = PBXBuildFile; fileRef = DAAF3A8517E118BF00048CC6 /* InfoPlist.strings */; };
		DAAF3A8917E118BF00048CC6 /* DraftWithFriendsTests.m in Sources */ = {isa = PBXBuildFile; fileRef = DAAF3A8817E118BF00048CC6 /* DraftWithFriendsTests.m */; };
		DAAF3A9517E11F4F00048CC6 /* M14.json in Resources */ = {isa = PBXBuildFile; fileRef = DAAF3A9417E11F4F00048CC6 /* M14.json */; };
/* End PBXBuildFile section */

/* Begin PBXContainerItemProxy section */
		DAAF3A8017E118BF00048CC6 /* PBXContainerItemProxy */ = {
			isa = PBXContainerItemProxy;
			containerPortal = DAAF3A5217E118BF00048CC6 /* Project object */;
			proxyType = 1;
			remoteGlobalIDString = DAAF3A5917E118BF00048CC6;
			remoteInfo = DraftWithFriends;
		};
/* End PBXContainerItemProxy section */

/* Begin PBXFileReference section */
		DA6C8E3A17E1301F001F8A6D /* Card.h */ = {isa = PBXFileReference; fileEncoding = 4; lastKnownFileType = sourcecode.c.h; path = Card.h; sourceTree = "<group>"; };
		DA6C8E3B17E1301F001F8A6D /* Card.m */ = {isa = PBXFileReference; fileEncoding = 4; lastKnownFileType = sourcecode.c.objc; path = Card.m; sourceTree = "<group>"; };
		DA6C8EAB17E14318001F8A6D /* SDWebImage.framework */ = {isa = PBXFileReference; lastKnownFileType = wrapper.framework; path = SDWebImage.framework; sourceTree = "<group>"; };
		DA6C8EAE17E14371001F8A6D /* ImageIO.framework */ = {isa = PBXFileReference; lastKnownFileType = wrapper.framework; name = ImageIO.framework; path = System/Library/Frameworks/ImageIO.framework; sourceTree = SDKROOT; };
		DA6C8EB017E15335001F8A6D /* M13.json */ = {isa = PBXFileReference; fileEncoding = 4; lastKnownFileType = text.json; path = M13.json; sourceTree = "<group>"; };
		DA6C8EB217E15544001F8A6D /* RTR.json */ = {isa = PBXFileReference; fileEncoding = 4; lastKnownFileType = text.json; path = RTR.json; sourceTree = "<group>"; };
		DA6C8EB417E15552001F8A6D /* GTC.json */ = {isa = PBXFileReference; fileEncoding = 4; lastKnownFileType = text.json; path = GTC.json; sourceTree = "<group>"; };
		DA6C8EB617E15563001F8A6D /* DGM.json */ = {isa = PBXFileReference; fileEncoding = 4; lastKnownFileType = text.json; path = DGM.json; sourceTree = "<group>"; };
		DA6C8EBA17E1833A001F8A6D /* CardRepository.h */ = {isa = PBXFileReference; fileEncoding = 4; lastKnownFileType = sourcecode.c.h; path = CardRepository.h; sourceTree = "<group>"; };
		DA6C8EBB17E1833A001F8A6D /* CardRepository.m */ = {isa = PBXFileReference; fileEncoding = 4; lastKnownFileType = sourcecode.c.objc; path = CardRepository.m; sourceTree = "<group>"; };
		DAAF3A5A17E118BF00048CC6 /* DraftWithFriends.app */ = {isa = PBXFileReference; explicitFileType = wrapper.application; includeInIndex = 0; path = DraftWithFriends.app; sourceTree = BUILT_PRODUCTS_DIR; };
		DAAF3A5D17E118BF00048CC6 /* Foundation.framework */ = {isa = PBXFileReference; lastKnownFileType = wrapper.framework; name = Foundation.framework; path = System/Library/Frameworks/Foundation.framework; sourceTree = SDKROOT; };
		DAAF3A5F17E118BF00048CC6 /* CoreGraphics.framework */ = {isa = PBXFileReference; lastKnownFileType = wrapper.framework; name = CoreGraphics.framework; path = System/Library/Frameworks/CoreGraphics.framework; sourceTree = SDKROOT; };
		DAAF3A6117E118BF00048CC6 /* UIKit.framework */ = {isa = PBXFileReference; lastKnownFileType = wrapper.framework; name = UIKit.framework; path = System/Library/Frameworks/UIKit.framework; sourceTree = SDKROOT; };
		DAAF3A6517E118BF00048CC6 /* DraftWithFriends-Info.plist */ = {isa = PBXFileReference; lastKnownFileType = text.plist.xml; path = "DraftWithFriends-Info.plist"; sourceTree = "<group>"; };
		DAAF3A6717E118BF00048CC6 /* en */ = {isa = PBXFileReference; lastKnownFileType = text.plist.strings; name = en; path = en.lproj/InfoPlist.strings; sourceTree = "<group>"; };
		DAAF3A6917E118BF00048CC6 /* main.m */ = {isa = PBXFileReference; lastKnownFileType = sourcecode.c.objc; path = main.m; sourceTree = "<group>"; };
		DAAF3A6B17E118BF00048CC6 /* DraftWithFriends-Prefix.pch */ = {isa = PBXFileReference; lastKnownFileType = sourcecode.c.h; path = "DraftWithFriends-Prefix.pch"; sourceTree = "<group>"; };
		DAAF3A6C17E118BF00048CC6 /* AppDelegate.h */ = {isa = PBXFileReference; lastKnownFileType = sourcecode.c.h; path = AppDelegate.h; sourceTree = "<group>"; };
		DAAF3A6D17E118BF00048CC6 /* AppDelegate.m */ = {isa = PBXFileReference; lastKnownFileType = sourcecode.c.objc; path = AppDelegate.m; sourceTree = "<group>"; };
		DAAF3A7017E118BF00048CC6 /* Base */ = {isa = PBXFileReference; lastKnownFileType = file.storyboard; name = Base; path = Base.lproj/Main.storyboard; sourceTree = "<group>"; };
		DAAF3A7217E118BF00048CC6 /* ViewController.h */ = {isa = PBXFileReference; lastKnownFileType = sourcecode.c.h; path = ViewController.h; sourceTree = "<group>"; };
		DAAF3A7317E118BF00048CC6 /* ViewController.m */ = {isa = PBXFileReference; lastKnownFileType = sourcecode.c.objc; path = ViewController.m; sourceTree = "<group>"; };
		DAAF3A7517E118BF00048CC6 /* Images.xcassets */ = {isa = PBXFileReference; lastKnownFileType = folder.assetcatalog; path = Images.xcassets; sourceTree = "<group>"; };
		DAAF3A7B17E118BF00048CC6 /* DraftWithFriendsTests.xctest */ = {isa = PBXFileReference; explicitFileType = wrapper.cfbundle; includeInIndex = 0; path = DraftWithFriendsTests.xctest; sourceTree = BUILT_PRODUCTS_DIR; };
		DAAF3A7C17E118BF00048CC6 /* XCTest.framework */ = {isa = PBXFileReference; lastKnownFileType = wrapper.framework; name = XCTest.framework; path = Library/Frameworks/XCTest.framework; sourceTree = DEVELOPER_DIR; };
		DAAF3A8417E118BF00048CC6 /* DraftWithFriendsTests-Info.plist */ = {isa = PBXFileReference; lastKnownFileType = text.plist.xml; path = "DraftWithFriendsTests-Info.plist"; sourceTree = "<group>"; };
		DAAF3A8617E118BF00048CC6 /* en */ = {isa = PBXFileReference; lastKnownFileType = text.plist.strings; name = en; path = en.lproj/InfoPlist.strings; sourceTree = "<group>"; };
		DAAF3A8817E118BF00048CC6 /* DraftWithFriendsTests.m */ = {isa = PBXFileReference; lastKnownFileType = sourcecode.c.objc; path = DraftWithFriendsTests.m; sourceTree = "<group>"; };
		DAAF3A9417E11F4F00048CC6 /* M14.json */ = {isa = PBXFileReference; fileEncoding = 4; lastKnownFileType = text.json; path = M14.json; sourceTree = "<group>"; };
/* End PBXFileReference section */

/* Begin PBXFrameworksBuildPhase section */
		DAAF3A5717E118BF00048CC6 /* Frameworks */ = {
			isa = PBXFrameworksBuildPhase;
			buildActionMask = 2147483647;
			files = (
				DA6C8EAF17E14371001F8A6D /* ImageIO.framework in Frameworks */,
				DA6C8EAC17E14318001F8A6D /* SDWebImage.framework in Frameworks */,
				DAAF3A6017E118BF00048CC6 /* CoreGraphics.framework in Frameworks */,
				DAAF3A6217E118BF00048CC6 /* UIKit.framework in Frameworks */,
				DAAF3A5E17E118BF00048CC6 /* Foundation.framework in Frameworks */,
			);
			runOnlyForDeploymentPostprocessing = 0;
		};
		DAAF3A7817E118BF00048CC6 /* Frameworks */ = {
			isa = PBXFrameworksBuildPhase;
			buildActionMask = 2147483647;
			files = (
				DAAF3A7D17E118BF00048CC6 /* XCTest.framework in Frameworks */,
				DAAF3A7F17E118BF00048CC6 /* UIKit.framework in Frameworks */,
				DAAF3A7E17E118BF00048CC6 /* Foundation.framework in Frameworks */,
			);
			runOnlyForDeploymentPostprocessing = 0;
		};
/* End PBXFrameworksBuildPhase section */

/* Begin PBXGroup section */
		DA6C8E3917E13000001F8A6D /* Models */ = {
			isa = PBXGroup;
			children = (
				DA6C8E3A17E1301F001F8A6D /* Card.h */,
				DA6C8E3B17E1301F001F8A6D /* Card.m */,
			);
			name = Models;
			sourceTree = "<group>";
		};
		DA6C8EAD17E1432F001F8A6D /* Frameworks */ = {
			isa = PBXGroup;
			children = (
				DA6C8EAE17E14371001F8A6D /* ImageIO.framework */,
				DA6C8EAB17E14318001F8A6D /* SDWebImage.framework */,
			);
			name = Frameworks;
			sourceTree = "<group>";
		};
		DA6C8EB917E18271001F8A6D /* Repositories */ = {
			isa = PBXGroup;
			children = (
				DA6C8EBA17E1833A001F8A6D /* CardRepository.h */,
				DA6C8EBB17E1833A001F8A6D /* CardRepository.m */,
			);
			name = Repositories;
			sourceTree = "<group>";
		};
		DAAF3A5117E118BF00048CC6 = {
			isa = PBXGroup;
			children = (
				DA6C8EAD17E1432F001F8A6D /* Frameworks */,
				DAAF3A6317E118BF00048CC6 /* DraftWithFriends */,
				DAAF3A8217E118BF00048CC6 /* DraftWithFriendsTests */,
				DAAF3A5C17E118BF00048CC6 /* Frameworks */,
				DAAF3A5B17E118BF00048CC6 /* Products */,
			);
			sourceTree = "<group>";
		};
		DAAF3A5B17E118BF00048CC6 /* Products */ = {
			isa = PBXGroup;
			children = (
				DAAF3A5A17E118BF00048CC6 /* DraftWithFriends.app */,
				DAAF3A7B17E118BF00048CC6 /* DraftWithFriendsTests.xctest */,
			);
			name = Products;
			sourceTree = "<group>";
		};
		DAAF3A5C17E118BF00048CC6 /* Frameworks */ = {
			isa = PBXGroup;
			children = (
				DAAF3A5D17E118BF00048CC6 /* Foundation.framework */,
				DAAF3A5F17E118BF00048CC6 /* CoreGraphics.framework */,
				DAAF3A6117E118BF00048CC6 /* UIKit.framework */,
				DAAF3A7C17E118BF00048CC6 /* XCTest.framework */,
			);
			name = Frameworks;
			sourceTree = "<group>";
		};
		DAAF3A6317E118BF00048CC6 /* DraftWithFriends */ = {
			isa = PBXGroup;
			children = (
				DA6C8EB917E18271001F8A6D /* Repositories */,
				DA6C8E3917E13000001F8A6D /* Models */,
				DAAF3A9917E1202F00048CC6 /* Images */,
				DAAF3A9817E1200400048CC6 /* Views */,
				DAAF3A9717E11FF600048CC6 /* AppDelegate */,
				DAAF3A9617E11F8100048CC6 /* ViewControllers */,
				DAAF3A9217E11EDD00048CC6 /* SetJSON */,
				DAAF3A6417E118BF00048CC6 /* Supporting Files */,
			);
			path = DraftWithFriends;
			sourceTree = "<group>";
		};
		DAAF3A6417E118BF00048CC6 /* Supporting Files */ = {
			isa = PBXGroup;
			children = (
				DAAF3A6517E118BF00048CC6 /* DraftWithFriends-Info.plist */,
				DAAF3A6617E118BF00048CC6 /* InfoPlist.strings */,
				DAAF3A6917E118BF00048CC6 /* main.m */,
				DAAF3A6B17E118BF00048CC6 /* DraftWithFriends-Prefix.pch */,
			);
			name = "Supporting Files";
			sourceTree = "<group>";
		};
		DAAF3A8217E118BF00048CC6 /* DraftWithFriendsTests */ = {
			isa = PBXGroup;
			children = (
				DAAF3A8817E118BF00048CC6 /* DraftWithFriendsTests.m */,
				DAAF3A8317E118BF00048CC6 /* Supporting Files */,
			);
			path = DraftWithFriendsTests;
			sourceTree = "<group>";
		};
		DAAF3A8317E118BF00048CC6 /* Supporting Files */ = {
			isa = PBXGroup;
			children = (
				DAAF3A8417E118BF00048CC6 /* DraftWithFriendsTests-Info.plist */,
				DAAF3A8517E118BF00048CC6 /* InfoPlist.strings */,
			);
			name = "Supporting Files";
			sourceTree = "<group>";
		};
		DAAF3A9217E11EDD00048CC6 /* SetJSON */ = {
			isa = PBXGroup;
			children = (
				DA6C8EB017E15335001F8A6D /* M13.json */,
				DA6C8EB217E15544001F8A6D /* RTR.json */,
				DA6C8EB417E15552001F8A6D /* GTC.json */,
				DA6C8EB617E15563001F8A6D /* DGM.json */,
				DAAF3A9417E11F4F00048CC6 /* M14.json */,
			);
			name = SetJSON;
			sourceTree = "<group>";
		};
		DAAF3A9617E11F8100048CC6 /* ViewControllers */ = {
			isa = PBXGroup;
			children = (
				DAAF3A7217E118BF00048CC6 /* ViewController.h */,
				DAAF3A7317E118BF00048CC6 /* ViewController.m */,
			);
			name = ViewControllers;
			sourceTree = "<group>";
		};
		DAAF3A9717E11FF600048CC6 /* AppDelegate */ = {
			isa = PBXGroup;
			children = (
				DAAF3A6C17E118BF00048CC6 /* AppDelegate.h */,
				DAAF3A6D17E118BF00048CC6 /* AppDelegate.m */,
			);
			name = AppDelegate;
			sourceTree = "<group>";
		};
		DAAF3A9817E1200400048CC6 /* Views */ = {
			isa = PBXGroup;
			children = (
				DAAF3A6F17E118BF00048CC6 /* Main.storyboard */,
			);
			name = Views;
			sourceTree = "<group>";
		};
		DAAF3A9917E1202F00048CC6 /* Images */ = {
			isa = PBXGroup;
			children = (
				DAAF3A7517E118BF00048CC6 /* Images.xcassets */,
			);
			name = Images;
			sourceTree = "<group>";
		};
/* End PBXGroup section */

/* Begin PBXNativeTarget section */
		DAAF3A5917E118BF00048CC6 /* DraftWithFriends */ = {
			isa = PBXNativeTarget;
			buildConfigurationList = DAAF3A8C17E118BF00048CC6 /* Build configuration list for PBXNativeTarget "DraftWithFriends" */;
			buildPhases = (
				DAAF3A5617E118BF00048CC6 /* Sources */,
				DAAF3A5717E118BF00048CC6 /* Frameworks */,
				DAAF3A5817E118BF00048CC6 /* Resources */,
			);
			buildRules = (
			);
			dependencies = (
			);
			name = DraftWithFriends;
			productName = DraftWithFriends;
			productReference = DAAF3A5A17E118BF00048CC6 /* DraftWithFriends.app */;
			productType = "com.apple.product-type.application";
		};
		DAAF3A7A17E118BF00048CC6 /* DraftWithFriendsTests */ = {
			isa = PBXNativeTarget;
			buildConfigurationList = DAAF3A8F17E118BF00048CC6 /* Build configuration list for PBXNativeTarget "DraftWithFriendsTests" */;
			buildPhases = (
				DAAF3A7717E118BF00048CC6 /* Sources */,
				DAAF3A7817E118BF00048CC6 /* Frameworks */,
				DAAF3A7917E118BF00048CC6 /* Resources */,
			);
			buildRules = (
			);
			dependencies = (
				DAAF3A8117E118BF00048CC6 /* PBXTargetDependency */,
			);
			name = DraftWithFriendsTests;
			productName = DraftWithFriendsTests;
			productReference = DAAF3A7B17E118BF00048CC6 /* DraftWithFriendsTests.xctest */;
			productType = "com.apple.product-type.bundle.unit-test";
		};
/* End PBXNativeTarget section */

/* Begin PBXProject section */
		DAAF3A5217E118BF00048CC6 /* Project object */ = {
			isa = PBXProject;
			attributes = {
				LastUpgradeCheck = 0500;
				ORGANIZATIONNAME = "Ryan Schroeder";
				TargetAttributes = {
					DAAF3A7A17E118BF00048CC6 = {
						TestTargetID = DAAF3A5917E118BF00048CC6;
					};
				};
			};
			buildConfigurationList = DAAF3A5517E118BF00048CC6 /* Build configuration list for PBXProject "DraftWithFriends" */;
			compatibilityVersion = "Xcode 3.2";
			developmentRegion = English;
			hasScannedForEncodings = 0;
			knownRegions = (
				en,
				Base,
			);
			mainGroup = DAAF3A5117E118BF00048CC6;
			productRefGroup = DAAF3A5B17E118BF00048CC6 /* Products */;
			projectDirPath = "";
			projectRoot = "";
			targets = (
				DAAF3A5917E118BF00048CC6 /* DraftWithFriends */,
				DAAF3A7A17E118BF00048CC6 /* DraftWithFriendsTests */,
			);
		};
/* End PBXProject section */

/* Begin PBXResourcesBuildPhase section */
		DAAF3A5817E118BF00048CC6 /* Resources */ = {
			isa = PBXResourcesBuildPhase;
			buildActionMask = 2147483647;
			files = (
				DA6C8EB717E15563001F8A6D /* DGM.json in Resources */,
				DA6C8EB317E15544001F8A6D /* RTR.json in Resources */,
				DAAF3A7617E118BF00048CC6 /* Images.xcassets in Resources */,
				DAAF3A6817E118BF00048CC6 /* InfoPlist.strings in Resources */,
				DAAF3A9517E11F4F00048CC6 /* M14.json in Resources */,
				DA6C8EB517E15552001F8A6D /* GTC.json in Resources */,
				DAAF3A7117E118BF00048CC6 /* Main.storyboard in Resources */,
				DA6C8EB117E15335001F8A6D /* M13.json in Resources */,
			);
			runOnlyForDeploymentPostprocessing = 0;
		};
		DAAF3A7917E118BF00048CC6 /* Resources */ = {
			isa = PBXResourcesBuildPhase;
			buildActionMask = 2147483647;
			files = (
				DAAF3A8717E118BF00048CC6 /* InfoPlist.strings in Resources */,
			);
			runOnlyForDeploymentPostprocessing = 0;
		};
/* End PBXResourcesBuildPhase section */

/* Begin PBXSourcesBuildPhase section */
		DAAF3A5617E118BF00048CC6 /* Sources */ = {
			isa = PBXSourcesBuildPhase;
			buildActionMask = 2147483647;
			files = (
				DA6C8EBC17E1833A001F8A6D /* CardRepository.m in Sources */,
				DAAF3A7417E118BF00048CC6 /* ViewController.m in Sources */,
				DAAF3A6E17E118BF00048CC6 /* AppDelegate.m in Sources */,
				DAAF3A6A17E118BF00048CC6 /* main.m in Sources */,
				DA6C8E3C17E1301F001F8A6D /* Card.m in Sources */,
			);
			runOnlyForDeploymentPostprocessing = 0;
		};
		DAAF3A7717E118BF00048CC6 /* Sources */ = {
			isa = PBXSourcesBuildPhase;
			buildActionMask = 2147483647;
			files = (
				DAAF3A8917E118BF00048CC6 /* DraftWithFriendsTests.m in Sources */,
			);
			runOnlyForDeploymentPostprocessing = 0;
		};
/* End PBXSourcesBuildPhase section */

/* Begin PBXTargetDependency section */
		DAAF3A8117E118BF00048CC6 /* PBXTargetDependency */ = {
			isa = PBXTargetDependency;
			target = DAAF3A5917E118BF00048CC6 /* DraftWithFriends */;
			targetProxy = DAAF3A8017E118BF00048CC6 /* PBXContainerItemProxy */;
		};
/* End PBXTargetDependency section */

/* Begin PBXVariantGroup section */
		DAAF3A6617E118BF00048CC6 /* InfoPlist.strings */ = {
			isa = PBXVariantGroup;
			children = (
				DAAF3A6717E118BF00048CC6 /* en */,
			);
			name = InfoPlist.strings;
			sourceTree = "<group>";
		};
		DAAF3A6F17E118BF00048CC6 /* Main.storyboard */ = {
			isa = PBXVariantGroup;
			children = (
				DAAF3A7017E118BF00048CC6 /* Base */,
			);
			name = Main.storyboard;
			sourceTree = "<group>";
		};
		DAAF3A8517E118BF00048CC6 /* InfoPlist.strings */ = {
			isa = PBXVariantGroup;
			children = (
				DAAF3A8617E118BF00048CC6 /* en */,
			);
			name = InfoPlist.strings;
			sourceTree = "<group>";
		};
/* End PBXVariantGroup section */

/* Begin XCBuildConfiguration section */
		DAAF3A8A17E118BF00048CC6 /* Debug */ = {
			isa = XCBuildConfiguration;
			buildSettings = {
				ALWAYS_SEARCH_USER_PATHS = NO;
				ARCHS = "$(ARCHS_STANDARD_INCLUDING_64_BIT)";
				CLANG_CXX_LANGUAGE_STANDARD = "gnu++0x";
				CLANG_CXX_LIBRARY = "libc++";
				CLANG_ENABLE_MODULES = YES;
				CLANG_ENABLE_OBJC_ARC = YES;
				CLANG_WARN_BOOL_CONVERSION = YES;
				CLANG_WARN_CONSTANT_CONVERSION = YES;
				CLANG_WARN_DIRECT_OBJC_ISA_USAGE = YES_ERROR;
				CLANG_WARN_EMPTY_BODY = YES;
				CLANG_WARN_ENUM_CONVERSION = YES;
				CLANG_WARN_INT_CONVERSION = YES;
				CLANG_WARN_OBJC_ROOT_CLASS = YES_ERROR;
				CLANG_WARN__DUPLICATE_METHOD_MATCH = YES;
				"CODE_SIGN_IDENTITY[sdk=iphoneos*]" = "iPhone Developer";
				COPY_PHASE_STRIP = NO;
				GCC_C_LANGUAGE_STANDARD = gnu99;
				GCC_DYNAMIC_NO_PIC = NO;
				GCC_OPTIMIZATION_LEVEL = 0;
				GCC_PREPROCESSOR_DEFINITIONS = (
					"DEBUG=1",
					"$(inherited)",
				);
				GCC_SYMBOLS_PRIVATE_EXTERN = NO;
				GCC_WARN_64_TO_32_BIT_CONVERSION = YES;
				GCC_WARN_ABOUT_RETURN_TYPE = YES_ERROR;
				GCC_WARN_UNDECLARED_SELECTOR = YES;
				GCC_WARN_UNINITIALIZED_AUTOS = YES;
				GCC_WARN_UNUSED_FUNCTION = YES;
				GCC_WARN_UNUSED_VARIABLE = YES;
				IPHONEOS_DEPLOYMENT_TARGET = 7.0;
				ONLY_ACTIVE_ARCH = YES;
				SDKROOT = iphoneos;
			};
			name = Debug;
		};
		DAAF3A8B17E118BF00048CC6 /* Release */ = {
			isa = XCBuildConfiguration;
			buildSettings = {
				ALWAYS_SEARCH_USER_PATHS = NO;
				ARCHS = "$(ARCHS_STANDARD_INCLUDING_64_BIT)";
				CLANG_CXX_LANGUAGE_STANDARD = "gnu++0x";
				CLANG_CXX_LIBRARY = "libc++";
				CLANG_ENABLE_MODULES = YES;
				CLANG_ENABLE_OBJC_ARC = YES;
				CLANG_WARN_BOOL_CONVERSION = YES;
				CLANG_WARN_CONSTANT_CONVERSION = YES;
				CLANG_WARN_DIRECT_OBJC_ISA_USAGE = YES_ERROR;
				CLANG_WARN_EMPTY_BODY = YES;
				CLANG_WARN_ENUM_CONVERSION = YES;
				CLANG_WARN_INT_CONVERSION = YES;
				CLANG_WARN_OBJC_ROOT_CLASS = YES_ERROR;
				CLANG_WARN__DUPLICATE_METHOD_MATCH = YES;
				"CODE_SIGN_IDENTITY[sdk=iphoneos*]" = "iPhone Developer";
				COPY_PHASE_STRIP = YES;
				ENABLE_NS_ASSERTIONS = NO;
				GCC_C_LANGUAGE_STANDARD = gnu99;
				GCC_WARN_64_TO_32_BIT_CONVERSION = YES;
				GCC_WARN_ABOUT_RETURN_TYPE = YES_ERROR;
				GCC_WARN_UNDECLARED_SELECTOR = YES;
				GCC_WARN_UNINITIALIZED_AUTOS = YES;
				GCC_WARN_UNUSED_FUNCTION = YES;
				GCC_WARN_UNUSED_VARIABLE = YES;
				IPHONEOS_DEPLOYMENT_TARGET = 7.0;
				SDKROOT = iphoneos;
				VALIDATE_PRODUCT = YES;
			};
			name = Release;
		};
		DAAF3A8D17E118BF00048CC6 /* Debug */ = {
			isa = XCBuildConfiguration;
			buildSettings = {
				ASSETCATALOG_COMPILER_APPICON_NAME = AppIcon;
				ASSETCATALOG_COMPILER_LAUNCHIMAGE_NAME = LaunchImage;
				FRAMEWORK_SEARCH_PATHS = (
					"$(inherited)",
					/Users/ryan.schroeder/Desktop/Developer/DraftWithFriends,
				);
				GCC_PRECOMPILE_PREFIX_HEADER = YES;
				GCC_PREFIX_HEADER = "DraftWithFriends/DraftWithFriends-Prefix.pch";
				INFOPLIST_FILE = "DraftWithFriends/DraftWithFriends-Info.plist";
				OTHER_LDFLAGS = "-ObjC";
				PRODUCT_NAME = "$(TARGET_NAME)";
				WRAPPER_EXTENSION = app;
			};
			name = Debug;
		};
		DAAF3A8E17E118BF00048CC6 /* Release */ = {
			isa = XCBuildConfiguration;
			buildSettings = {
				ASSETCATALOG_COMPILER_APPICON_NAME = AppIcon;
				ASSETCATALOG_COMPILER_LAUNCHIMAGE_NAME = LaunchImage;
				FRAMEWORK_SEARCH_PATHS = (
					"$(inherited)",
					/Users/ryan.schroeder/Desktop/Developer/DraftWithFriends,
				);
				GCC_PRECOMPILE_PREFIX_HEADER = YES;
				GCC_PREFIX_HEADER = "DraftWithFriends/DraftWithFriends-Prefix.pch";
				INFOPLIST_FILE = "DraftWithFriends/DraftWithFriends-Info.plist";
				OTHER_LDFLAGS = "-ObjC";
				PRODUCT_NAME = "$(TARGET_NAME)";
				WRAPPER_EXTENSION = app;
			};
			name = Release;
		};
		DAAF3A9017E118BF00048CC6 /* Debug */ = {
			isa = XCBuildConfiguration;
			buildSettings = {
				ARCHS = "$(ARCHS_STANDARD_INCLUDING_64_BIT)";
				BUNDLE_LOADER = "$(BUILT_PRODUCTS_DIR)/DraftWithFriends.app/DraftWithFriends";
				FRAMEWORK_SEARCH_PATHS = (
					"$(SDKROOT)/Developer/Library/Frameworks",
					"$(inherited)",
					"$(DEVELOPER_FRAMEWORKS_DIR)",
				);
				GCC_PRECOMPILE_PREFIX_HEADER = YES;
				GCC_PREFIX_HEADER = "DraftWithFriends/DraftWithFriends-Prefix.pch";
				GCC_PREPROCESSOR_DEFINITIONS = (
					"DEBUG=1",
					"$(inherited)",
				);
				INFOPLIST_FILE = "DraftWithFriendsTests/DraftWithFriendsTests-Info.plist";
				PRODUCT_NAME = "$(TARGET_NAME)";
				TEST_HOST = "$(BUNDLE_LOADER)";
				WRAPPER_EXTENSION = xctest;
			};
			name = Debug;
		};
		DAAF3A9117E118BF00048CC6 /* Release */ = {
			isa = XCBuildConfiguration;
			buildSettings = {
				ARCHS = "$(ARCHS_STANDARD_INCLUDING_64_BIT)";
				BUNDLE_LOADER = "$(BUILT_PRODUCTS_DIR)/DraftWithFriends.app/DraftWithFriends";
				FRAMEWORK_SEARCH_PATHS = (
					"$(SDKROOT)/Developer/Library/Frameworks",
					"$(inherited)",
					"$(DEVELOPER_FRAMEWORKS_DIR)",
				);
				GCC_PRECOMPILE_PREFIX_HEADER = YES;
				GCC_PREFIX_HEADER = "DraftWithFriends/DraftWithFriends-Prefix.pch";
				INFOPLIST_FILE = "DraftWithFriendsTests/DraftWithFriendsTests-Info.plist";
				PRODUCT_NAME = "$(TARGET_NAME)";
				TEST_HOST = "$(BUNDLE_LOADER)";
				WRAPPER_EXTENSION = xctest;
			};
			name = Release;
		};
/* End XCBuildConfiguration section */

/* Begin XCConfigurationList section */
		DAAF3A5517E118BF00048CC6 /* Build configuration list for PBXProject "DraftWithFriends" */ = {
			isa = XCConfigurationList;
			buildConfigurations = (
				DAAF3A8A17E118BF00048CC6 /* Debug */,
				DAAF3A8B17E118BF00048CC6 /* Release */,
			);
			defaultConfigurationIsVisible = 0;
			defaultConfigurationName = Release;
		};
		DAAF3A8C17E118BF00048CC6 /* Build configuration list for PBXNativeTarget "DraftWithFriends" */ = {
			isa = XCConfigurationList;
			buildConfigurations = (
				DAAF3A8D17E118BF00048CC6 /* Debug */,
				DAAF3A8E17E118BF00048CC6 /* Release */,
			);
			defaultConfigurationIsVisible = 0;
			defaultConfigurationName = Release;
		};
		DAAF3A8F17E118BF00048CC6 /* Build configuration list for PBXNativeTarget "DraftWithFriendsTests" */ = {
			isa = XCConfigurationList;
			buildConfigurations = (
				DAAF3A9017E118BF00048CC6 /* Debug */,
				DAAF3A9117E118BF00048CC6 /* Release */,
			);
			defaultConfigurationIsVisible = 0;
			defaultConfigurationName = Release;
		};
/* End XCConfigurationList section */
	};
	rootObject = DAAF3A5217E118BF00048CC6 /* Project object */;
}
